
Microsoft Visual Studio Solution File, Format Version 12.00
# Visual Studio Version 17
VisualStudioVersion = 17.0.31903.59
MinimumVisualStudioVersion = 10.0.40219.1
Project("{778DAE3C-4631-46EA-AA77-85C1314464D9}") = "ConsoleApp1", "ConsoleApp1\ConsoleApp1.vbproj", "{D915A372-FBE7-4DF4-AB7C-B50D2FA24706}"
EndProject
Project("{778DAE3C-4631-46EA-AA77-85C1314464D9}") = "TinyBASIC", "TinyBASIC\TinyBASIC.vbproj", "{66AE84D9-F04A-4088-95B2-963EB386E880}"
EndProject
Project("{778DAE3C-4631-46EA-AA77-85C1314464D9}") = "FileSystemWatcherSample", "FileSystemWatcherSample\FileSystemWatcherSample.vbproj", "{459A8083-F2E7-459D-94E6-33CB607CA788}"
EndProject
Project("{778DAE3C-4631-46EA-AA77-85C1314464D9}") = "Gorilla", "Gorilla\Gorilla.vbproj", "{E7AF710F-797A-45A4-B986-3623423C3A17}"
EndProject
Project("{778DAE3C-4631-46EA-AA77-85C1314464D9}") = "RemLine", "RemLine\RemLine.vbproj", "{E6DABF3A-F9B4-4FD9-9E58-172612B3FA53}"
EndProject
Project("{778DAE3C-4631-46EA-AA77-85C1314464D9}") = "Nibbles", "Nibbles\Nibbles.vbproj", "{87F360ED-C3F9-4FAA-8A6F-79A7F17CE635}"
EndProject
Project("{778DAE3C-4631-46EA-AA77-85C1314464D9}") = "SoundBeepPlay", "SoundBeepPlay\SoundBeepPlay.vbproj", "{D7B15983-B440-4D1C-BB65-441710D2528C}"
EndProject
Project("{778DAE3C-4631-46EA-AA77-85C1314464D9}") = "PLAYground", "PLAYground\PLAYground.vbproj", "{133D4D98-1D66-4236-A65F-2CB246421886}"
EndProject
Project("{778DAE3C-4631-46EA-AA77-85C1314464D9}") = "Audio", "Audio\Audio.vbproj", "{F0D77B0E-8109-4375-AA23-0A705FB79C97}"
EndProject
Project("{778DAE3C-4631-46EA-AA77-85C1314464D9}") = "Twitter", "Twitter\Twitter.vbproj", "{5FCA6054-628C-4C9D-B732-103A2D36C515}"
EndProject
Project("{9A19103F-16F7-4668-BE54-9A1E7A4F7556}") = "ClassLibrary1", "ClassLibrary1\ClassLibrary1.csproj", "{6E3A15EF-56EB-4E95-9A07-3952B6747050}"
EndProject
Project("{2150E333-8FDC-42A3-9474-1A3956D46DE8}") = "Community", "Community", "{E217AEBC-D7BE-4BB6-950F-665E8FC61754}"
EndProject
Project("{778DAE3C-4631-46EA-AA77-85C1314464D9}") = "QB.Compatibility", "..\QB.Compatibility\QB.Compatibility\QB.Compatibility.vbproj", "{CA2D29FB-9923-460B-8D7A-2628DF728A7F}"
EndProject
Project("{778DAE3C-4631-46EA-AA77-85C1314464D9}") = "GameLoop1", "GameLoop1\GameLoop1.vbproj", "{D5D718A0-EE60-454D-A8CD-2F4BBE5145CE}"
EndProject
Project("{778DAE3C-4631-46EA-AA77-85C1314464D9}") = "WinFormsApp1", "WinFormsApp1\WinFormsApp1.vbproj", "{9E760010-B2A4-49EC-83CA-C2C132E8DF89}"
EndProject
Project("{2150E333-8FDC-42A3-9474-1A3956D46DE8}") = "SourceGenerators", "SourceGenerators", "{22AEE70F-B724-4682-B5CD-40C03E903966}"
EndProject
Project("{778DAE3C-4631-46EA-AA77-85C1314464D9}") = "SourceGeneratorSamples", "SourceGenerators\SourceGeneratorSamples\SourceGeneratorSamples.vbproj", "{F93E00C5-E761-48D0-B8AC-90482917EA55}"
EndProject
Project("{778DAE3C-4631-46EA-AA77-85C1314464D9}") = "GeneratedDemo", "SourceGenerators\GeneratedDemo\GeneratedDemo.vbproj", "{626D842E-E466-415F-BA0F-A1C24A31395F}"
EndProject
Project("{778DAE3C-4631-46EA-AA77-85C1314464D9}") = "TestConsoleApp", "SourceGenerators\TestConsoleApp\TestConsoleApp.vbproj", "{7382C11D-DD06-4551-BF68-9520028C3F00}"
EndProject
Project("{2150E333-8FDC-42A3-9474-1A3956D46DE8}") = "WinForms", "WinForms", "{4FBCFB03-A5D0-4254-AC74-3555EBA1369D}"
EndProject
Project("{778DAE3C-4631-46EA-AA77-85C1314464D9}") = "Browser", "WinForms\Browser\Browser.vbproj", "{732C95B5-4907-446D-840A-EA29552DC63D}"
EndProject
Project("{F184B08F-C81C-45F6-A57F-5ABD9991F28F}") = "BrowserFx", "WinForms\BrowserFx\BrowserFx.vbproj", "{97BA9170-DFC9-42C3-B9C1-D1AAC4E3C34D}"
EndProject
Project("{2150E333-8FDC-42A3-9474-1A3956D46DE8}") = "WinFormBugs", "WinFormBugs", "{717A6900-9192-4DCA-A8DC-1353196E3657}"
EndProject
Project("{778DAE3C-4631-46EA-AA77-85C1314464D9}") = "ReparentWinForms", "WinFormBugs\ReparentWinForms\ReparentWinForms.vbproj", "{168A7106-C5A9-448B-A5B1-DD030CA190ED}"
EndProject
Project("{F184B08F-C81C-45F6-A57F-5ABD9991F28F}") = "ReparentWinformsFx", "WinFormBugs\ReparentWinformsFx\ReparentWinformsFx.vbproj", "{C5D3D87D-33F5-4A76-9CC7-77681A94D5A8}"
EndProject
Project("{778DAE3C-4631-46EA-AA77-85C1314464D9}") = "ImplicitInterfaceGenerator", "SourceGenerators\ImplicitInterfaceGenerator\ImplicitInterfaceGenerator.vbproj", "{4CE17C0C-B164-4C54-971B-9EBEF4053808}"
EndProject
Project("{778DAE3C-4631-46EA-AA77-85C1314464D9}") = "TestNuGetPackages", "TestNuGetPackages\TestNuGetPackages.vbproj", "{700FDD12-E652-4372-AB1D-A3E281648B3C}"
EndProject
Project("{778DAE3C-4631-46EA-AA77-85C1314464D9}") = "FormExGenerator", "FormExGenerator\FormExGenerator.vbproj", "{E6C3EF02-ACCB-4511-8B60-9DBEEED09615}"
EndProject
Project("{778DAE3C-4631-46EA-AA77-85C1314464D9}") = "TestFormsApp", "TestFormsApp\TestFormsApp.vbproj", "{857807E4-97AF-4165-BC8A-8EDA93E41AEE}"
EndProject
Project("{778DAE3C-4631-46EA-AA77-85C1314464D9}") = "GameLoop2", "GameLoop2\GameLoop2.vbproj", "{0ADFE9A6-1508-4AE1-9A17-E407AC96F970}"
EndProject
Project("{778DAE3C-4631-46EA-AA77-85C1314464D9}") = "InsaneSourceGeneration", "InsaneSourceGeneration\InsaneSourceGeneration.vbproj", "{D9614CC5-912D-4C75-B897-0B5567CA7975}"
EndProject
Project("{778DAE3C-4631-46EA-AA77-85C1314464D9}") = "WinFormsApp_dotNet6", "WinFormsApp_dotNet6\WinFormsApp_dotNet6.vbproj", "{3DAAB392-C749-42EE-A36E-02B39997A290}"
EndProject
Project("{2150E333-8FDC-42A3-9474-1A3956D46DE8}") = "CompilerApiBook", "CompilerApiBook", "{F425A35E-7862-4854-8521-342E22E2ECD7}"
EndProject
Project("{778DAE3C-4631-46EA-AA77-85C1314464D9}") = "CompileHelloWorld", "CompilerApiBook\CompileHelloWorld\CompileHelloWorld.vbproj", "{8C0D4821-4927-4C79-8499-30E5D1484624}"
EndProject
Project("{778DAE3C-4631-46EA-AA77-85C1314464D9}") = "Transpiler", "Transpiler\Transpiler.vbproj", "{090B18C2-3704-475F-A1C4-A2013B1D4D63}"
EndProject
Project("{778DAE3C-4631-46EA-AA77-85C1314464D9}") = "PeToWiki", "PeToWiki\PeToWiki.vbproj", "{C7A6A0D1-3B2F-40D2-8117-DAF794E5A0C0}"
EndProject
Project("{778DAE3C-4631-46EA-AA77-85C1314464D9}") = "Qb64SamplesToMarkdown", "Qb64SamplesToMarkdown\Qb64SamplesToMarkdown.vbproj", "{E87D1D89-4333-4F80-88F7-20215F65C7DB}"
EndProject
Project("{778DAE3C-4631-46EA-AA77-85C1314464D9}") = "ParseWiki", "ParseWiki\ParseWiki.vbproj", "{D418C6B7-7448-440A-8249-D07D636642B8}"
EndProject
Project("{F184B08F-C81C-45F6-A57F-5ABD9991F28F}") = "Tui", "Tui\Tui.vbproj", "{5CF95542-BD22-4554-BBB1-44087DC49DB9}"
EndProject
Global
	GlobalSection(SolutionConfigurationPlatforms) = preSolution
		Debug|Any CPU = Debug|Any CPU
		Release|Any CPU = Release|Any CPU
	EndGlobalSection
	GlobalSection(ProjectConfigurationPlatforms) = postSolution
		{D915A372-FBE7-4DF4-AB7C-B50D2FA24706}.Debug|Any CPU.ActiveCfg = Debug|Any CPU
		{D915A372-FBE7-4DF4-AB7C-B50D2FA24706}.Debug|Any CPU.Build.0 = Debug|Any CPU
		{D915A372-FBE7-4DF4-AB7C-B50D2FA24706}.Release|Any CPU.ActiveCfg = Release|Any CPU
		{D915A372-FBE7-4DF4-AB7C-B50D2FA24706}.Release|Any CPU.Build.0 = Release|Any CPU
		{66AE84D9-F04A-4088-95B2-963EB386E880}.Debug|Any CPU.ActiveCfg = Debug|Any CPU
		{66AE84D9-F04A-4088-95B2-963EB386E880}.Debug|Any CPU.Build.0 = Debug|Any CPU
		{66AE84D9-F04A-4088-95B2-963EB386E880}.Release|Any CPU.ActiveCfg = Release|Any CPU
		{66AE84D9-F04A-4088-95B2-963EB386E880}.Release|Any CPU.Build.0 = Release|Any CPU
		{459A8083-F2E7-459D-94E6-33CB607CA788}.Debug|Any CPU.ActiveCfg = Debug|Any CPU
		{459A8083-F2E7-459D-94E6-33CB607CA788}.Debug|Any CPU.Build.0 = Debug|Any CPU
		{459A8083-F2E7-459D-94E6-33CB607CA788}.Release|Any CPU.ActiveCfg = Release|Any CPU
		{459A8083-F2E7-459D-94E6-33CB607CA788}.Release|Any CPU.Build.0 = Release|Any CPU
		{E7AF710F-797A-45A4-B986-3623423C3A17}.Debug|Any CPU.ActiveCfg = Debug|Any CPU
		{E7AF710F-797A-45A4-B986-3623423C3A17}.Debug|Any CPU.Build.0 = Debug|Any CPU
		{E7AF710F-797A-45A4-B986-3623423C3A17}.Release|Any CPU.ActiveCfg = Release|Any CPU
		{E7AF710F-797A-45A4-B986-3623423C3A17}.Release|Any CPU.Build.0 = Release|Any CPU
		{E6DABF3A-F9B4-4FD9-9E58-172612B3FA53}.Debug|Any CPU.ActiveCfg = Debug|Any CPU
		{E6DABF3A-F9B4-4FD9-9E58-172612B3FA53}.Debug|Any CPU.Build.0 = Debug|Any CPU
		{E6DABF3A-F9B4-4FD9-9E58-172612B3FA53}.Release|Any CPU.ActiveCfg = Release|Any CPU
		{E6DABF3A-F9B4-4FD9-9E58-172612B3FA53}.Release|Any CPU.Build.0 = Release|Any CPU
		{87F360ED-C3F9-4FAA-8A6F-79A7F17CE635}.Debug|Any CPU.ActiveCfg = Debug|Any CPU
		{87F360ED-C3F9-4FAA-8A6F-79A7F17CE635}.Debug|Any CPU.Build.0 = Debug|Any CPU
		{87F360ED-C3F9-4FAA-8A6F-79A7F17CE635}.Release|Any CPU.ActiveCfg = Release|Any CPU
		{87F360ED-C3F9-4FAA-8A6F-79A7F17CE635}.Release|Any CPU.Build.0 = Release|Any CPU
		{D7B15983-B440-4D1C-BB65-441710D2528C}.Debug|Any CPU.ActiveCfg = Debug|Any CPU
		{D7B15983-B440-4D1C-BB65-441710D2528C}.Debug|Any CPU.Build.0 = Debug|Any CPU
		{D7B15983-B440-4D1C-BB65-441710D2528C}.Release|Any CPU.ActiveCfg = Release|Any CPU
		{D7B15983-B440-4D1C-BB65-441710D2528C}.Release|Any CPU.Build.0 = Release|Any CPU
		{133D4D98-1D66-4236-A65F-2CB246421886}.Debug|Any CPU.ActiveCfg = Debug|Any CPU
		{133D4D98-1D66-4236-A65F-2CB246421886}.Debug|Any CPU.Build.0 = Debug|Any CPU
		{133D4D98-1D66-4236-A65F-2CB246421886}.Release|Any CPU.ActiveCfg = Release|Any CPU
		{133D4D98-1D66-4236-A65F-2CB246421886}.Release|Any CPU.Build.0 = Release|Any CPU
		{F0D77B0E-8109-4375-AA23-0A705FB79C97}.Debug|Any CPU.ActiveCfg = Debug|Any CPU
		{F0D77B0E-8109-4375-AA23-0A705FB79C97}.Debug|Any CPU.Build.0 = Debug|Any CPU
		{F0D77B0E-8109-4375-AA23-0A705FB79C97}.Release|Any CPU.ActiveCfg = Release|Any CPU
		{F0D77B0E-8109-4375-AA23-0A705FB79C97}.Release|Any CPU.Build.0 = Release|Any CPU
		{5FCA6054-628C-4C9D-B732-103A2D36C515}.Debug|Any CPU.ActiveCfg = Debug|Any CPU
		{5FCA6054-628C-4C9D-B732-103A2D36C515}.Debug|Any CPU.Build.0 = Debug|Any CPU
		{5FCA6054-628C-4C9D-B732-103A2D36C515}.Release|Any CPU.ActiveCfg = Release|Any CPU
		{5FCA6054-628C-4C9D-B732-103A2D36C515}.Release|Any CPU.Build.0 = Release|Any CPU
		{6E3A15EF-56EB-4E95-9A07-3952B6747050}.Debug|Any CPU.ActiveCfg = Debug|Any CPU
		{6E3A15EF-56EB-4E95-9A07-3952B6747050}.Debug|Any CPU.Build.0 = Debug|Any CPU
		{6E3A15EF-56EB-4E95-9A07-3952B6747050}.Release|Any CPU.ActiveCfg = Release|Any CPU
		{6E3A15EF-56EB-4E95-9A07-3952B6747050}.Release|Any CPU.Build.0 = Release|Any CPU
		{CA2D29FB-9923-460B-8D7A-2628DF728A7F}.Debug|Any CPU.ActiveCfg = Debug|Any CPU
		{CA2D29FB-9923-460B-8D7A-2628DF728A7F}.Debug|Any CPU.Build.0 = Debug|Any CPU
		{CA2D29FB-9923-460B-8D7A-2628DF728A7F}.Release|Any CPU.ActiveCfg = Release|Any CPU
		{CA2D29FB-9923-460B-8D7A-2628DF728A7F}.Release|Any CPU.Build.0 = Release|Any CPU
		{D5D718A0-EE60-454D-A8CD-2F4BBE5145CE}.Debug|Any CPU.ActiveCfg = Debug|Any CPU
		{D5D718A0-EE60-454D-A8CD-2F4BBE5145CE}.Debug|Any CPU.Build.0 = Debug|Any CPU
		{D5D718A0-EE60-454D-A8CD-2F4BBE5145CE}.Release|Any CPU.ActiveCfg = Release|Any CPU
		{D5D718A0-EE60-454D-A8CD-2F4BBE5145CE}.Release|Any CPU.Build.0 = Release|Any CPU
		{9E760010-B2A4-49EC-83CA-C2C132E8DF89}.Debug|Any CPU.ActiveCfg = Debug|Any CPU
		{9E760010-B2A4-49EC-83CA-C2C132E8DF89}.Debug|Any CPU.Build.0 = Debug|Any CPU
		{9E760010-B2A4-49EC-83CA-C2C132E8DF89}.Release|Any CPU.ActiveCfg = Release|Any CPU
		{9E760010-B2A4-49EC-83CA-C2C132E8DF89}.Release|Any CPU.Build.0 = Release|Any CPU
		{F93E00C5-E761-48D0-B8AC-90482917EA55}.Debug|Any CPU.ActiveCfg = Debug|Any CPU
		{F93E00C5-E761-48D0-B8AC-90482917EA55}.Debug|Any CPU.Build.0 = Debug|Any CPU
		{F93E00C5-E761-48D0-B8AC-90482917EA55}.Release|Any CPU.ActiveCfg = Release|Any CPU
		{F93E00C5-E761-48D0-B8AC-90482917EA55}.Release|Any CPU.Build.0 = Release|Any CPU
		{626D842E-E466-415F-BA0F-A1C24A31395F}.Debug|Any CPU.ActiveCfg = Debug|Any CPU
		{626D842E-E466-415F-BA0F-A1C24A31395F}.Debug|Any CPU.Build.0 = Debug|Any CPU
		{626D842E-E466-415F-BA0F-A1C24A31395F}.Release|Any CPU.ActiveCfg = Release|Any CPU
		{626D842E-E466-415F-BA0F-A1C24A31395F}.Release|Any CPU.Build.0 = Release|Any CPU
		{7382C11D-DD06-4551-BF68-9520028C3F00}.Debug|Any CPU.ActiveCfg = Debug|Any CPU
		{7382C11D-DD06-4551-BF68-9520028C3F00}.Debug|Any CPU.Build.0 = Debug|Any CPU
		{7382C11D-DD06-4551-BF68-9520028C3F00}.Release|Any CPU.ActiveCfg = Release|Any CPU
		{7382C11D-DD06-4551-BF68-9520028C3F00}.Release|Any CPU.Build.0 = Release|Any CPU
		{732C95B5-4907-446D-840A-EA29552DC63D}.Debug|Any CPU.ActiveCfg = Debug|Any CPU
		{732C95B5-4907-446D-840A-EA29552DC63D}.Debug|Any CPU.Build.0 = Debug|Any CPU
		{732C95B5-4907-446D-840A-EA29552DC63D}.Release|Any CPU.ActiveCfg = Release|Any CPU
		{732C95B5-4907-446D-840A-EA29552DC63D}.Release|Any CPU.Build.0 = Release|Any CPU
		{97BA9170-DFC9-42C3-B9C1-D1AAC4E3C34D}.Debug|Any CPU.ActiveCfg = Debug|Any CPU
		{97BA9170-DFC9-42C3-B9C1-D1AAC4E3C34D}.Debug|Any CPU.Build.0 = Debug|Any CPU
		{97BA9170-DFC9-42C3-B9C1-D1AAC4E3C34D}.Release|Any CPU.ActiveCfg = Release|Any CPU
		{97BA9170-DFC9-42C3-B9C1-D1AAC4E3C34D}.Release|Any CPU.Build.0 = Release|Any CPU
		{168A7106-C5A9-448B-A5B1-DD030CA190ED}.Debug|Any CPU.ActiveCfg = Debug|Any CPU
		{168A7106-C5A9-448B-A5B1-DD030CA190ED}.Debug|Any CPU.Build.0 = Debug|Any CPU
		{168A7106-C5A9-448B-A5B1-DD030CA190ED}.Release|Any CPU.ActiveCfg = Release|Any CPU
		{168A7106-C5A9-448B-A5B1-DD030CA190ED}.Release|Any CPU.Build.0 = Release|Any CPU
		{C5D3D87D-33F5-4A76-9CC7-77681A94D5A8}.Debug|Any CPU.ActiveCfg = Debug|Any CPU
		{C5D3D87D-33F5-4A76-9CC7-77681A94D5A8}.Debug|Any CPU.Build.0 = Debug|Any CPU
		{C5D3D87D-33F5-4A76-9CC7-77681A94D5A8}.Release|Any CPU.ActiveCfg = Release|Any CPU
		{C5D3D87D-33F5-4A76-9CC7-77681A94D5A8}.Release|Any CPU.Build.0 = Release|Any CPU
		{4CE17C0C-B164-4C54-971B-9EBEF4053808}.Debug|Any CPU.ActiveCfg = Debug|Any CPU
		{4CE17C0C-B164-4C54-971B-9EBEF4053808}.Debug|Any CPU.Build.0 = Debug|Any CPU
		{4CE17C0C-B164-4C54-971B-9EBEF4053808}.Release|Any CPU.ActiveCfg = Release|Any CPU
		{4CE17C0C-B164-4C54-971B-9EBEF4053808}.Release|Any CPU.Build.0 = Release|Any CPU
		{700FDD12-E652-4372-AB1D-A3E281648B3C}.Debug|Any CPU.ActiveCfg = Debug|Any CPU
		{700FDD12-E652-4372-AB1D-A3E281648B3C}.Debug|Any CPU.Build.0 = Debug|Any CPU
		{700FDD12-E652-4372-AB1D-A3E281648B3C}.Release|Any CPU.ActiveCfg = Release|Any CPU
		{700FDD12-E652-4372-AB1D-A3E281648B3C}.Release|Any CPU.Build.0 = Release|Any CPU
		{E6C3EF02-ACCB-4511-8B60-9DBEEED09615}.Debug|Any CPU.ActiveCfg = Debug|Any CPU
		{E6C3EF02-ACCB-4511-8B60-9DBEEED09615}.Debug|Any CPU.Build.0 = Debug|Any CPU
		{E6C3EF02-ACCB-4511-8B60-9DBEEED09615}.Release|Any CPU.ActiveCfg = Release|Any CPU
		{E6C3EF02-ACCB-4511-8B60-9DBEEED09615}.Release|Any CPU.Build.0 = Release|Any CPU
		{857807E4-97AF-4165-BC8A-8EDA93E41AEE}.Debug|Any CPU.ActiveCfg = Debug|Any CPU
		{857807E4-97AF-4165-BC8A-8EDA93E41AEE}.Debug|Any CPU.Build.0 = Debug|Any CPU
		{857807E4-97AF-4165-BC8A-8EDA93E41AEE}.Release|Any CPU.ActiveCfg = Release|Any CPU
		{857807E4-97AF-4165-BC8A-8EDA93E41AEE}.Release|Any CPU.Build.0 = Release|Any CPU
		{0ADFE9A6-1508-4AE1-9A17-E407AC96F970}.Debug|Any CPU.ActiveCfg = Debug|Any CPU
		{0ADFE9A6-1508-4AE1-9A17-E407AC96F970}.Debug|Any CPU.Build.0 = Debug|Any CPU
		{0ADFE9A6-1508-4AE1-9A17-E407AC96F970}.Release|Any CPU.ActiveCfg = Release|Any CPU
		{0ADFE9A6-1508-4AE1-9A17-E407AC96F970}.Release|Any CPU.Build.0 = Release|Any CPU
		{D9614CC5-912D-4C75-B897-0B5567CA7975}.Debug|Any CPU.ActiveCfg = Debug|Any CPU
		{D9614CC5-912D-4C75-B897-0B5567CA7975}.Debug|Any CPU.Build.0 = Debug|Any CPU
		{D9614CC5-912D-4C75-B897-0B5567CA7975}.Release|Any CPU.ActiveCfg = Release|Any CPU
		{D9614CC5-912D-4C75-B897-0B5567CA7975}.Release|Any CPU.Build.0 = Release|Any CPU
		{3DAAB392-C749-42EE-A36E-02B39997A290}.Debug|Any CPU.ActiveCfg = Debug|Any CPU
		{3DAAB392-C749-42EE-A36E-02B39997A290}.Debug|Any CPU.Build.0 = Debug|Any CPU
		{3DAAB392-C749-42EE-A36E-02B39997A290}.Release|Any CPU.ActiveCfg = Release|Any CPU
		{3DAAB392-C749-42EE-A36E-02B39997A290}.Release|Any CPU.Build.0 = Release|Any CPU
		{8C0D4821-4927-4C79-8499-30E5D1484624}.Debug|Any CPU.ActiveCfg = Debug|Any CPU
		{8C0D4821-4927-4C79-8499-30E5D1484624}.Debug|Any CPU.Build.0 = Debug|Any CPU
		{8C0D4821-4927-4C79-8499-30E5D1484624}.Release|Any CPU.ActiveCfg = Release|Any CPU
		{8C0D4821-4927-4C79-8499-30E5D1484624}.Release|Any CPU.Build.0 = Release|Any CPU
		{090B18C2-3704-475F-A1C4-A2013B1D4D63}.Debug|Any CPU.ActiveCfg = Debug|Any CPU
		{090B18C2-3704-475F-A1C4-A2013B1D4D63}.Debug|Any CPU.Build.0 = Debug|Any CPU
		{090B18C2-3704-475F-A1C4-A2013B1D4D63}.Release|Any CPU.ActiveCfg = Release|Any CPU
		{090B18C2-3704-475F-A1C4-A2013B1D4D63}.Release|Any CPU.Build.0 = Release|Any CPU
		{C7A6A0D1-3B2F-40D2-8117-DAF794E5A0C0}.Debug|Any CPU.ActiveCfg = Debug|Any CPU
		{C7A6A0D1-3B2F-40D2-8117-DAF794E5A0C0}.Debug|Any CPU.Build.0 = Debug|Any CPU
		{C7A6A0D1-3B2F-40D2-8117-DAF794E5A0C0}.Release|Any CPU.ActiveCfg = Release|Any CPU
		{C7A6A0D1-3B2F-40D2-8117-DAF794E5A0C0}.Release|Any CPU.Build.0 = Release|Any CPU
		{E87D1D89-4333-4F80-88F7-20215F65C7DB}.Debug|Any CPU.ActiveCfg = Debug|Any CPU
		{E87D1D89-4333-4F80-88F7-20215F65C7DB}.Debug|Any CPU.Build.0 = Debug|Any CPU
		{E87D1D89-4333-4F80-88F7-20215F65C7DB}.Release|Any CPU.ActiveCfg = Release|Any CPU
		{E87D1D89-4333-4F80-88F7-20215F65C7DB}.Release|Any CPU.Build.0 = Release|Any CPU
		{D418C6B7-7448-440A-8249-D07D636642B8}.Debug|Any CPU.ActiveCfg = Debug|Any CPU
		{D418C6B7-7448-440A-8249-D07D636642B8}.Debug|Any CPU.Build.0 = Debug|Any CPU
		{D418C6B7-7448-440A-8249-D07D636642B8}.Release|Any CPU.ActiveCfg = Release|Any CPU
		{D418C6B7-7448-440A-8249-D07D636642B8}.Release|Any CPU.Build.0 = Release|Any CPU
		{5CF95542-BD22-4554-BBB1-44087DC49DB9}.Debug|Any CPU.ActiveCfg = Debug|Any CPU
		{5CF95542-BD22-4554-BBB1-44087DC49DB9}.Debug|Any CPU.Build.0 = Debug|Any CPU
		{5CF95542-BD22-4554-BBB1-44087DC49DB9}.Release|Any CPU.ActiveCfg = Release|Any CPU
		{5CF95542-BD22-4554-BBB1-44087DC49DB9}.Release|Any CPU.Build.0 = Release|Any CPU
	EndGlobalSection
	GlobalSection(SolutionProperties) = preSolution
		HideSolutionNode = FALSE
	EndGlobalSection
	GlobalSection(NestedProjects) = preSolution
		{CA2D29FB-9923-460B-8D7A-2628DF728A7F} = {E217AEBC-D7BE-4BB6-950F-665E8FC61754}
		{F93E00C5-E761-48D0-B8AC-90482917EA55} = {22AEE70F-B724-4682-B5CD-40C03E903966}
		{626D842E-E466-415F-BA0F-A1C24A31395F} = {22AEE70F-B724-4682-B5CD-40C03E903966}
		{7382C11D-DD06-4551-BF68-9520028C3F00} = {22AEE70F-B724-4682-B5CD-40C03E903966}
		{732C95B5-4907-446D-840A-EA29552DC63D} = {4FBCFB03-A5D0-4254-AC74-3555EBA1369D}
		{97BA9170-DFC9-42C3-B9C1-D1AAC4E3C34D} = {4FBCFB03-A5D0-4254-AC74-3555EBA1369D}
		{168A7106-C5A9-448B-A5B1-DD030CA190ED} = {717A6900-9192-4DCA-A8DC-1353196E3657}
		{C5D3D87D-33F5-4A76-9CC7-77681A94D5A8} = {717A6900-9192-4DCA-A8DC-1353196E3657}
		{4CE17C0C-B164-4C54-971B-9EBEF4053808} = {22AEE70F-B724-4682-B5CD-40C03E903966}
		{E6C3EF02-ACCB-4511-8B60-9DBEEED09615} = {22AEE70F-B724-4682-B5CD-40C03E903966}
		{857807E4-97AF-4165-BC8A-8EDA93E41AEE} = {22AEE70F-B724-4682-B5CD-40C03E903966}
		{8C0D4821-4927-4C79-8499-30E5D1484624} = {F425A35E-7862-4854-8521-342E22E2ECD7}
	EndGlobalSection
	GlobalSection(ExtensibilityGlobals) = postSolution
		SolutionGuid = {BDAC410C-0901-447E-8121-BF33A670D583}
	EndGlobalSection
EndGlobal
