Microsoft Visual Studio Solution File, Format Version 12.00
# Visual Studio Version 17
VisualStudioVersion = 17.0.31903.59
MinimumVisualStudioVersion = 10.0.40219.1
Project("{778DAE3C-4631-46EA-AA77-85C1314464D9}") = "ConsoleApp1", "ConsoleApp1\ConsoleApp1.vbproj", "{D915A372-FBE7-4DF4-AB7C-B50D2FA24706}"
EndProject
Project("{778DAE3C-4631-46EA-AA77-85C1314464D9}") = "TinyBASIC", "TinyBASIC\TinyBASIC.vbproj", "{66AE84D9-F04A-4088-95B2-963EB386E880}"
EndProject
Project("{778DAE3C-4631-46EA-AA77-85C1314464D9}") = "FileSystemWatcherSample", "FileSystemWatcherSample\FileSystemWatcherSample.vbproj", "{459A8083-F2E7-459D-94E6-33CB607CA788}"
EndProject
Project("{778DAE3C-4631-46EA-AA77-85C1314464D9}") = "SoundBeepPlay", "SoundBeepPlay\SoundBeepPlay.vbproj", "{D7B15983-B440-4D1C-BB65-441710D2528C}"
EndProject
Project("{778DAE3C-4631-46EA-AA77-85C1314464D9}") = "PLAYground", "PLAYground\PLAYground.vbproj", "{133D4D98-1D66-4236-A65F-2CB246421886}"
EndProject
Project("{778DAE3C-4631-46EA-AA77-85C1314464D9}") = "Audio", "Audio\Audio.vbproj", "{F0D77B0E-8109-4375-AA23-0A705FB79C97}"
EndProject
Project("{778DAE3C-4631-46EA-AA77-85C1314464D9}") = "Twitter", "Twitter\Twitter.vbproj", "{5FCA6054-628C-4C9D-B732-103A2D36C515}"
EndProject
Project("{9A19103F-16F7-4668-BE54-9A1E7A4F7556}") = "ClassLibrary1", "ClassLibrary1\ClassLibrary1.csproj", "{6E3A15EF-56EB-4E95-9A07-3952B6747050}"
EndProject
Project("{2150E333-8FDC-42A3-9474-1A3956D46DE8}") = "Community", "Community", "{E217AEBC-D7BE-4BB6-950F-665E8FC61754}"
EndProject
Project("{778DAE3C-4631-46EA-AA77-85C1314464D9}") = "QB.Compatibility", "..\QB.Compatibility\QB.Compatibility\QB.Compatibility.vbproj", "{CA2D29FB-9923-460B-8D7A-2628DF728A7F}"
EndProject
Project("{778DAE3C-4631-46EA-AA77-85C1314464D9}") = "GameLoop1", "GameLoop1\GameLoop1.vbproj", "{D5D718A0-EE60-454D-A8CD-2F4BBE5145CE}"
EndProject
Project("{778DAE3C-4631-46EA-AA77-85C1314464D9}") = "WinFormsApp1", "WinFormsApp1\WinFormsApp1.vbproj", "{9E760010-B2A4-49EC-83CA-C2C132E8DF89}"
EndProject
Project("{2150E333-8FDC-42A3-9474-1A3956D46DE8}") = "SourceGenerators", "SourceGenerators", "{22AEE70F-B724-4682-B5CD-40C03E903966}"
EndProject
Project("{778DAE3C-4631-46EA-AA77-85C1314464D9}") = "SourceGeneratorSamples", "SourceGenerators\SourceGeneratorSamples\SourceGeneratorSamples.vbproj", "{F93E00C5-E761-48D0-B8AC-90482917EA55}"
EndProject
Project("{778DAE3C-4631-46EA-AA77-85C1314464D9}") = "GeneratedDemo", "SourceGenerators\GeneratedDemo\GeneratedDemo.vbproj", "{626D842E-E466-415F-BA0F-A1C24A31395F}"
EndProject
Project("{778DAE3C-4631-46EA-AA77-85C1314464D9}") = "TestConsoleApp", "SourceGenerators\TestConsoleApp\TestConsoleApp.vbproj", "{7382C11D-DD06-4551-BF68-9520028C3F00}"
EndProject
Project("{2150E333-8FDC-42A3-9474-1A3956D46DE8}") = "WinForms", "WinForms", "{4FBCFB03-A5D0-4254-AC74-3555EBA1369D}"
EndProject
Project("{778DAE3C-4631-46EA-AA77-85C1314464D9}") = "Browser", "WinForms\Browser\Browser.vbproj", "{732C95B5-4907-446D-840A-EA29552DC63D}"
EndProject
Project("{F184B08F-C81C-45F6-A57F-5ABD9991F28F}") = "BrowserFx", "WinForms\BrowserFx\BrowserFx.vbproj", "{97BA9170-DFC9-42C3-B9C1-D1AAC4E3C34D}"
EndProject
Project("{2150E333-8FDC-42A3-9474-1A3956D46DE8}") = "WinFormBugs", "WinFormBugs", "{717A6900-9192-4DCA-A8DC-1353196E3657}"
EndProject
Project("{778DAE3C-4631-46EA-AA77-85C1314464D9}") = "ReparentWinForms", "WinFormBugs\ReparentWinForms\ReparentWinForms.vbproj", "{168A7106-C5A9-448B-A5B1-DD030CA190ED}"
EndProject
Project("{F184B08F-C81C-45F6-A57F-5ABD9991F28F}") = "ReparentWinformsFx", "WinFormBugs\ReparentWinformsFx\ReparentWinformsFx.vbproj", "{C5D3D87D-33F5-4A76-9CC7-77681A94D5A8}"
EndProject
Project("{778DAE3C-4631-46EA-AA77-85C1314464D9}") = "ImplicitInterfaceGenerator", "SourceGenerators\ImplicitInterfaceGenerator\ImplicitInterfaceGenerator.vbproj", "{4CE17C0C-B164-4C54-971B-9EBEF4053808}"
EndProject
Project("{778DAE3C-4631-46EA-AA77-85C1314464D9}") = "TestNuGetPackages", "TestNuGetPackages\TestNuGetPackages.vbproj", "{700FDD12-E652-4372-AB1D-A3E281648B3C}"
EndProject
Project("{778DAE3C-4631-46EA-AA77-85C1314464D9}") = "FormExGenerator", "FormExGenerator\FormExGenerator.vbproj", "{E6C3EF02-ACCB-4511-8B60-9DBEEED09615}"
EndProject
Project("{778DAE3C-4631-46EA-AA77-85C1314464D9}") = "TestFormsApp", "TestFormsApp\TestFormsApp.vbproj", "{857807E4-97AF-4165-BC8A-8EDA93E41AEE}"
EndProject
Project("{778DAE3C-4631-46EA-AA77-85C1314464D9}") = "GameLoop2", "GameLoop2\GameLoop2.vbproj", "{0ADFE9A6-1508-4AE1-9A17-E407AC96F970}"
EndProject
Project("{778DAE3C-4631-46EA-AA77-85C1314464D9}") = "InsaneSourceGeneration", "InsaneSourceGeneration\InsaneSourceGeneration.vbproj", "{D9614CC5-912D-4C75-B897-0B5567CA7975}"
EndProject
Project("{778DAE3C-4631-46EA-AA77-85C1314464D9}") = "WinFormsApp_dotNet6", "WinFormsApp_dotNet6\WinFormsApp_dotNet6.vbproj", "{3DAAB392-C749-42EE-A36E-02B39997A290}"
EndProject
Project("{2150E333-8FDC-42A3-9474-1A3956D46DE8}") = "CompilerApiBook", "CompilerApiBook", "{F425A35E-7862-4854-8521-342E22E2ECD7}"
EndProject
Project("{778DAE3C-4631-46EA-AA77-85C1314464D9}") = "CompileHelloWorld", "CompilerApiBook\CompileHelloWorld\CompileHelloWorld.vbproj", "{8C0D4821-4927-4C79-8499-30E5D1484624}"
EndProject
Project("{778DAE3C-4631-46EA-AA77-85C1314464D9}") = "Transpiler", "Transpiler\Transpiler.vbproj", "{090B18C2-3704-475F-A1C4-A2013B1D4D63}"
EndProject
Project("{778DAE3C-4631-46EA-AA77-85C1314464D9}") = "Tui", "Tui\Tui.vbproj", "{5CF95542-BD22-4554-BBB1-44087DC49DB9}"
EndProject
Project("{778DAE3C-4631-46EA-AA77-85C1314464D9}") = "CompareFolders", "CompareFolders\CompareFolders.vbproj", "{45C713E0-8BC0-4FA5-B2A9-DBA3127EA7F2}"
EndProject
Project("{2150E333-8FDC-42A3-9474-1A3956D46DE8}") = "GUI", "GUI", "{3A01885C-F1DA-4B48-A8E2-A324BDDFB065}"
	ProjectSection(SolutionItems) = preProject
		GUI\README.md = GUI\README.md
	EndProjectSection
EndProject
Project("{778DAE3C-4631-46EA-AA77-85C1314464D9}") = "SDL2_Gameloop", "GUI\SDL2_Gameloop\SDL2_Gameloop.vbproj", "{E40ABB3D-4F48-434A-8C24-6C111CA4C000}"
EndProject
Project("{778DAE3C-4631-46EA-AA77-85C1314464D9}") = "Silk_Gameloop", "GUI\Silk_Gameloop\Silk_Gameloop.vbproj", "{891DCAB1-3062-40D7-B7AE-BAA018254984}"
EndProject
Project("{778DAE3C-4631-46EA-AA77-85C1314464D9}") = "FNA_Gameloop", "GUI\FNA_Gameloop\FNA_Gameloop.vbproj", "{18EF8E46-361F-458F-BAE6-830B1628FD74}"
EndProject
Project("{778DAE3C-4631-46EA-AA77-85C1314464D9}") = "WinForms_Gameloop", "GUI\WinForms_GameLoop\WinForms_Gameloop.vbproj", "{FA1D6807-3C7D-402F-989B-E1FFFA358B94}"
EndProject
Project("{2150E333-8FDC-42A3-9474-1A3956D46DE8}") = "BasicComputerGames", "BasicComputerGames", "{7B1A4CAC-3E06-4AF5-AB2F-B8A30D01D271}"
	ProjectSection(SolutionItems) = preProject
		BasicComputerGames\README.md = BasicComputerGames\README.md
	EndProjectSection
EndProject
Project("{778DAE3C-4631-46EA-AA77-85C1314464D9}") = "01_AceyDucey", "BasicComputerGames\01_AceyDucey\01_AceyDucey.vbproj", "{382C9837-E574-4268-8A57-388CA5CCD164}"
EndProject
Project("{2150E333-8FDC-42A3-9474-1A3956D46DE8}") = "ClearScript", "ClearScript", "{30130345-CBB8-4AC1-9CE5-58AC8C318F57}"
	ProjectSection(SolutionItems) = preProject
		ClearScript\README.md = ClearScript\README.md
	EndProjectSection
EndProject
Project("{778DAE3C-4631-46EA-AA77-85C1314464D9}") = "VbScriptRepl", "ClearScript\VbScriptRepl\VbScriptRepl.vbproj", "{4EA89BA8-E43A-40BE-9FB8-437A75E33EB6}"
EndProject
Project("{2150E333-8FDC-42A3-9474-1A3956D46DE8}") = "QBasic", "QBasic", "{FEAF2EA8-33BA-4055-84F9-ABD64D34AA20}"
	ProjectSection(SolutionItems) = preProject
		QBasic\README.md = QBasic\README.md
	EndProjectSection
EndProject
Project("{778DAE3C-4631-46EA-AA77-85C1314464D9}") = "Gorilla", "QBasic\Gorilla\Gorilla.vbproj", "{B4485A79-FCD3-4763-A961-12BE5ED94316}"
EndProject
Project("{778DAE3C-4631-46EA-AA77-85C1314464D9}") = "Nibbles", "QBasic\Nibbles\Nibbles.vbproj", "{533A8D91-E7B0-46C5-9693-BA452000500A}"
EndProject
Project("{778DAE3C-4631-46EA-AA77-85C1314464D9}") = "RemLine", "QBasic\RemLine\RemLine.vbproj", "{9858CB20-24BF-4EE2-9A87-558CAB8BA66F}"
EndProject
Project("{2150E333-8FDC-42A3-9474-1A3956D46DE8}") = "QB64", "QB64", "{948E6FDC-C33D-4E19-8757-B1E89E9C6F1C}"
EndProject
Project("{778DAE3C-4631-46EA-AA77-85C1314464D9}") = "Qb64SamplesToMarkdown", "QB64\Qb64SamplesToMarkdown\Qb64SamplesToMarkdown.vbproj", "{AEC971C0-D116-4A04-86F9-1B4F31D908D2}"
EndProject
Project("{778DAE3C-4631-46EA-AA77-85C1314464D9}") = "ParseWiki", "QB64\ParseWiki\ParseWiki.vbproj", "{492FA30E-FB06-440A-8443-58D126E47342}"
EndProject
Project("{778DAE3C-4631-46EA-AA77-85C1314464D9}") = "TxtToWiki", "QB64\TxtToWiki\TxtToWiki.vbproj", "{D886E00B-6896-4C98-BCF6-5B76928DD380}"
EndProject
Project("{778DAE3C-4631-46EA-AA77-85C1314464D9}") = "02_Amazing", "BasicComputerGames\02_Amazing\02_Amazing.vbproj", "{0597C6FA-B3A3-41B7-BF76-2E45BADD5AF0}"
EndProject
Project("{9A19103F-16F7-4668-BE54-9A1E7A4F7556}") = "SDL2-CS.Core", "..\SDL2-CS\SDL2-CS.Core.csproj", "{F18FA882-F975-4B37-8F2C-A0E43447C9DF}"
EndProject
Project("{9A19103F-16F7-4668-BE54-9A1E7A4F7556}") = "FNA.Core", "..\FNA\FNA.Core.csproj", "{5AE8C341-077C-4466-8AB3-8D962DF3DFCD}"
EndProject
Project("{778DAE3C-4631-46EA-AA77-85C1314464D9}") = "Raylib_Gameloop", "GUI\Raylib_Gameloop\Raylib_Gameloop.vbproj", "{FDAEC769-82F4-4862-91DE-5FD278E56E9D}"
EndProject
Project("{2150E333-8FDC-42A3-9474-1A3956D46DE8}") = "Sound", "Sound", "{17CCEC84-2E20-4892-9AEA-5664927EC7C4}"
EndProject
Project("{778DAE3C-4631-46EA-AA77-85C1314464D9}") = "Libsoundio_Sample", "Sound\Libsoundio_Sample\Libsoundio_Sample.vbproj", "{98D90B7F-46C8-47D6-A059-837FDB69D2B4}"
EndProject
Project("{778DAE3C-4631-46EA-AA77-85C1314464D9}") = "OpenTk_Gameloop", "GUI\OpenTk_Gameloop\OpenTk_Gameloop.vbproj", "{A07EE215-D6E1-41B6-ACCF-2EB85126CB23}"
EndProject
Project("{778DAE3C-4631-46EA-AA77-85C1314464D9}") = "MarkdownHelp", "QB64\MarkdownHelp\MarkdownHelp.vbproj", "{F492CBB2-7514-48CE-9CEB-6803F251106F}"
EndProject
Project("{2150E333-8FDC-42A3-9474-1A3956D46DE8}") = "OLC", "OLC", "{6FFD6DC7-7A33-48AB-AEE2-971D560BF160}"
EndProject
Project("{778DAE3C-4631-46EA-AA77-85C1314464D9}") = "WaveOut", "Sound\WaveOut\WaveOut.vbproj", "{94D00FE0-DF02-4B01-81C7-7F51DD349119}"
EndProject
Project("{778DAE3C-4631-46EA-AA77-85C1314464D9}") = "Webcam", "WinForms\Webcam\Webcam.vbproj", "{C3964B20-024A-47A7-9EB1-4223DDDB49FD}"
EndProject
Project("{778DAE3C-4631-46EA-AA77-85C1314464D9}") = "WaveOutBuffered", "Sound\WaveOutBuffered\WaveOutBuffered.vbproj", "{73CEFB34-8438-40A5-8F9A-C20624FAB190}"
EndProject
Project("{2150E333-8FDC-42A3-9474-1A3956D46DE8}") = "Other", "Other", "{4B05A1DA-9A51-471B-8770-B7187117F23C}"
EndProject
Project("{2150E333-8FDC-42A3-9474-1A3956D46DE8}") = "CGE", "CGE", "{EDCC2671-B5D4-4F85-A7BB-C943282621BF}"
EndProject
Project("{778DAE3C-4631-46EA-AA77-85C1314464D9}") = "CaveDiver", "OLC\Other\CaveDiver\CaveDiver.vbproj", "{34EA139A-8E81-4354-B32A-2CCBF77E5834}"
EndProject
Project("{778DAE3C-4631-46EA-AA77-85C1314464D9}") = "Snake", "OLC\Other\Snake\Snake.vbproj", "{63D8F9A6-E59F-4529-A678-227070AD3A61}"
EndProject
Project("{778DAE3C-4631-46EA-AA77-85C1314464D9}") = "Synth1", "OLC\Other\Synth1\Synth1.vbproj", "{E431FF86-51CE-4624-B100-FA0E44E5D88B}"
EndProject
Project("{778DAE3C-4631-46EA-AA77-85C1314464D9}") = "Synth2", "OLC\Other\Synth2\Synth2.vbproj", "{7FAFF50C-80D0-4844-825C-45A8AD21774C}"
EndProject
Project("{778DAE3C-4631-46EA-AA77-85C1314464D9}") = "Synth3", "OLC\Other\Synth3\Synth3.vbproj", "{2856DA94-422C-424A-89EB-A0E206E68703}"
EndProject
Project("{778DAE3C-4631-46EA-AA77-85C1314464D9}") = "Synth4", "OLC\Other\Synth4\Synth4.vbproj", "{9E40FFA0-B9C2-46A0-B9C6-F485E3ECDFD9}"
EndProject
Project("{778DAE3C-4631-46EA-AA77-85C1314464D9}") = "Tetris", "OLC\Other\Tetris\Tetris.vbproj", "{67C5812D-AF28-4275-A300-6FB2D95F8247}"
EndProject
Project("{778DAE3C-4631-46EA-AA77-85C1314464D9}") = "AR_OpticFlow", "OLC\CGE\AR_OpticFlow\AR_OpticFlow.vbproj", "{85AD62F1-C2A1-4CF5-AAAE-98465DF7F9C0}"
EndProject
Project("{778DAE3C-4631-46EA-AA77-85C1314464D9}") = "Asteroids", "OLC\CGE\Asteroids\Asteroids.vbproj", "{47D6A9FE-0F25-4F94-917E-5C945FD96CCC}"
EndProject
Project("{778DAE3C-4631-46EA-AA77-85C1314464D9}") = "Balls1", "OLC\CGE\Balls1\Balls1.vbproj", "{3405C6DB-258C-40F4-91CE-88564DC3CFCD}"
EndProject
Project("{778DAE3C-4631-46EA-AA77-85C1314464D9}") = "CommandLineFPS_2", "OLC\CGE\CommandLineFPS_2\CommandLineFPS_2.vbproj", "{6A65EA8A-C589-46E3-B921-8CB1B632A042}"
EndProject
Project("{778DAE3C-4631-46EA-AA77-85C1314464D9}") = "ConsoleGameEngine", "OLC\CGE\ConsoleGameEngine\ConsoleGameEngine.vbproj", "{1FD8F81E-A112-489B-9735-ED1A23EFF252}"
EndProject
Project("{778DAE3C-4631-46EA-AA77-85C1314464D9}") = "Empty", "OLC\CGE\Empty\Empty.vbproj", "{83F87858-1AC9-4178-AB8E-6121D8086573}"
EndProject
Project("{778DAE3C-4631-46EA-AA77-85C1314464D9}") = "FlappyBird", "OLC\CGE\FlappyBird\FlappyBird.vbproj", "{91BFD8E9-F262-4D53-AE12-23B4046FF9CE}"
EndProject
Project("{778DAE3C-4631-46EA-AA77-85C1314464D9}") = "Frogger", "OLC\CGE\Frogger\Frogger.vbproj", "{5E157C30-D679-4374-9759-F74BCDC54D80}"
EndProject
Project("{778DAE3C-4631-46EA-AA77-85C1314464D9}") = "GameOfLife", "OLC\CGE\GameOfLife\GameOfLife.vbproj", "{EDBAF221-C9E0-4150-AC67-7C2C7E72BFBE}"
EndProject
Project("{778DAE3C-4631-46EA-AA77-85C1314464D9}") = "Mazes", "OLC\CGE\Mazes\Mazes.vbproj", "{81500252-52D3-41C8-ACC9-DF8D41A0648B}"
EndProject
Project("{778DAE3C-4631-46EA-AA77-85C1314464D9}") = "PathFinding_AStar", "OLC\CGE\PathFinding_AStar\PathFinding_AStar.vbproj", "{2A0F443B-3178-4D5C-AE18-CD83DB3002BF}"
EndProject
Project("{778DAE3C-4631-46EA-AA77-85C1314464D9}") = "PerlinNoise", "OLC\CGE\PerlinNoise\PerlinNoise.vbproj", "{38E55193-3544-4FF7-95C8-B96FB6C8ACFE}"
EndProject
Project("{778DAE3C-4631-46EA-AA77-85C1314464D9}") = "RetroArcadeRacer", "OLC\CGE\RetroArcadeRacer\RetroArcadeRacer.vbproj", "{74858A1B-45A7-4122-8165-91968EFBE1A2}"
EndProject
Project("{778DAE3C-4631-46EA-AA77-85C1314464D9}") = "Splines1", "OLC\CGE\Splines1\Splines1.vbproj", "{60258D6B-CB0C-4BEA-A949-E197B0B460CC}"
EndProject
Project("{778DAE3C-4631-46EA-AA77-85C1314464D9}") = "Splines2", "OLC\CGE\Splines2\Splines2.vbproj", "{E0103A2E-1B6D-458B-9791-F1443330917D}"
EndProject
Project("{778DAE3C-4631-46EA-AA77-85C1314464D9}") = "SpriteEditor", "OLC\CGE\SpriteEditor\SpriteEditor.vbproj", "{FFD93E1A-4254-42D5-BA71-8D4FF94E69B9}"
EndProject
Project("{778DAE3C-4631-46EA-AA77-85C1314464D9}") = "Webcam", "OLC\CGE\Webcam\Webcam.vbproj", "{4BDD63D6-5CF4-4E2F-AF11-AB7D139C61C6}"
EndProject
Project("{778DAE3C-4631-46EA-AA77-85C1314464D9}") = "Worms1", "OLC\CGE\Worms1\Worms1.vbproj", "{4E2BE9EB-1459-4F0D-A3F8-1CB187ECBC92}"
EndProject
Project("{778DAE3C-4631-46EA-AA77-85C1314464D9}") = "Worms2", "OLC\CGE\Worms2\Worms2.vbproj", "{158D48F2-8672-47A0-BF0E-761E0E6AD5B6}"
EndProject
Project("{778DAE3C-4631-46EA-AA77-85C1314464D9}") = "Worms3", "OLC\CGE\Worms3\Worms3.vbproj", "{C925BC54-5F23-4834-9D12-B6A3B649029C}"
EndProject
Project("{F184B08F-C81C-45F6-A57F-5ABD9991F28F}") = "PlatformGame1", "OLC\CGE\PlatformGame1\PlatformGame1.vbproj", "{A5FB6F77-0DBC-4EE9-94DB-3373BF20E94F}"
EndProject
Project("{F184B08F-C81C-45F6-A57F-5ABD9991F28F}") = "Balls2", "OLC\CGE\Balls2\Balls2.vbproj", "{3BDDDBE8-5690-4B42-ACDD-FED1AA550FFA}"
EndProject
Project("{F184B08F-C81C-45F6-A57F-5ABD9991F28F}") = "Breakout", "OLC\CGE\Breakout\Breakout.vbproj", "{AEEDC075-9600-4034-AC9F-CB03D037764E}"
EndProject
Global
	GlobalSection(SolutionConfigurationPlatforms) = preSolution
		Debug|Any CPU = Debug|Any CPU
		Debug|x64 = Debug|x64
		Debug|x86 = Debug|x86
		Release|Any CPU = Release|Any CPU
		Release|x64 = Release|x64
		Release|x86 = Release|x86
	EndGlobalSection
	GlobalSection(ProjectConfigurationPlatforms) = postSolution
		{D915A372-FBE7-4DF4-AB7C-B50D2FA24706}.Debug|Any CPU.ActiveCfg = Debug|Any CPU
		{D915A372-FBE7-4DF4-AB7C-B50D2FA24706}.Debug|Any CPU.Build.0 = Debug|Any CPU
		{D915A372-FBE7-4DF4-AB7C-B50D2FA24706}.Debug|x64.ActiveCfg = Debug|Any CPU
		{D915A372-FBE7-4DF4-AB7C-B50D2FA24706}.Debug|x64.Build.0 = Debug|Any CPU
		{D915A372-FBE7-4DF4-AB7C-B50D2FA24706}.Debug|x86.ActiveCfg = Debug|Any CPU
		{D915A372-FBE7-4DF4-AB7C-B50D2FA24706}.Debug|x86.Build.0 = Debug|Any CPU
		{D915A372-FBE7-4DF4-AB7C-B50D2FA24706}.Release|Any CPU.ActiveCfg = Release|Any CPU
		{D915A372-FBE7-4DF4-AB7C-B50D2FA24706}.Release|Any CPU.Build.0 = Release|Any CPU
		{D915A372-FBE7-4DF4-AB7C-B50D2FA24706}.Release|x64.ActiveCfg = Release|Any CPU
		{D915A372-FBE7-4DF4-AB7C-B50D2FA24706}.Release|x64.Build.0 = Release|Any CPU
		{D915A372-FBE7-4DF4-AB7C-B50D2FA24706}.Release|x86.ActiveCfg = Release|Any CPU
		{D915A372-FBE7-4DF4-AB7C-B50D2FA24706}.Release|x86.Build.0 = Release|Any CPU
		{66AE84D9-F04A-4088-95B2-963EB386E880}.Debug|Any CPU.ActiveCfg = Debug|Any CPU
		{66AE84D9-F04A-4088-95B2-963EB386E880}.Debug|Any CPU.Build.0 = Debug|Any CPU
		{66AE84D9-F04A-4088-95B2-963EB386E880}.Debug|x64.ActiveCfg = Debug|Any CPU
		{66AE84D9-F04A-4088-95B2-963EB386E880}.Debug|x64.Build.0 = Debug|Any CPU
		{66AE84D9-F04A-4088-95B2-963EB386E880}.Debug|x86.ActiveCfg = Debug|Any CPU
		{66AE84D9-F04A-4088-95B2-963EB386E880}.Debug|x86.Build.0 = Debug|Any CPU
		{66AE84D9-F04A-4088-95B2-963EB386E880}.Release|Any CPU.ActiveCfg = Release|Any CPU
		{66AE84D9-F04A-4088-95B2-963EB386E880}.Release|Any CPU.Build.0 = Release|Any CPU
		{66AE84D9-F04A-4088-95B2-963EB386E880}.Release|x64.ActiveCfg = Release|Any CPU
		{66AE84D9-F04A-4088-95B2-963EB386E880}.Release|x64.Build.0 = Release|Any CPU
		{66AE84D9-F04A-4088-95B2-963EB386E880}.Release|x86.ActiveCfg = Release|Any CPU
		{66AE84D9-F04A-4088-95B2-963EB386E880}.Release|x86.Build.0 = Release|Any CPU
		{459A8083-F2E7-459D-94E6-33CB607CA788}.Debug|Any CPU.ActiveCfg = Debug|Any CPU
		{459A8083-F2E7-459D-94E6-33CB607CA788}.Debug|Any CPU.Build.0 = Debug|Any CPU
		{459A8083-F2E7-459D-94E6-33CB607CA788}.Debug|x64.ActiveCfg = Debug|Any CPU
		{459A8083-F2E7-459D-94E6-33CB607CA788}.Debug|x64.Build.0 = Debug|Any CPU
		{459A8083-F2E7-459D-94E6-33CB607CA788}.Debug|x86.ActiveCfg = Debug|Any CPU
		{459A8083-F2E7-459D-94E6-33CB607CA788}.Debug|x86.Build.0 = Debug|Any CPU
		{459A8083-F2E7-459D-94E6-33CB607CA788}.Release|Any CPU.ActiveCfg = Release|Any CPU
		{459A8083-F2E7-459D-94E6-33CB607CA788}.Release|Any CPU.Build.0 = Release|Any CPU
		{459A8083-F2E7-459D-94E6-33CB607CA788}.Release|x64.ActiveCfg = Release|Any CPU
		{459A8083-F2E7-459D-94E6-33CB607CA788}.Release|x64.Build.0 = Release|Any CPU
		{459A8083-F2E7-459D-94E6-33CB607CA788}.Release|x86.ActiveCfg = Release|Any CPU
		{459A8083-F2E7-459D-94E6-33CB607CA788}.Release|x86.Build.0 = Release|Any CPU
		{D7B15983-B440-4D1C-BB65-441710D2528C}.Debug|Any CPU.ActiveCfg = Debug|Any CPU
		{D7B15983-B440-4D1C-BB65-441710D2528C}.Debug|Any CPU.Build.0 = Debug|Any CPU
		{D7B15983-B440-4D1C-BB65-441710D2528C}.Debug|x64.ActiveCfg = Debug|Any CPU
		{D7B15983-B440-4D1C-BB65-441710D2528C}.Debug|x64.Build.0 = Debug|Any CPU
		{D7B15983-B440-4D1C-BB65-441710D2528C}.Debug|x86.ActiveCfg = Debug|Any CPU
		{D7B15983-B440-4D1C-BB65-441710D2528C}.Debug|x86.Build.0 = Debug|Any CPU
		{D7B15983-B440-4D1C-BB65-441710D2528C}.Release|Any CPU.ActiveCfg = Release|Any CPU
		{D7B15983-B440-4D1C-BB65-441710D2528C}.Release|Any CPU.Build.0 = Release|Any CPU
		{D7B15983-B440-4D1C-BB65-441710D2528C}.Release|x64.ActiveCfg = Release|Any CPU
		{D7B15983-B440-4D1C-BB65-441710D2528C}.Release|x64.Build.0 = Release|Any CPU
		{D7B15983-B440-4D1C-BB65-441710D2528C}.Release|x86.ActiveCfg = Release|Any CPU
		{D7B15983-B440-4D1C-BB65-441710D2528C}.Release|x86.Build.0 = Release|Any CPU
		{133D4D98-1D66-4236-A65F-2CB246421886}.Debug|Any CPU.ActiveCfg = Debug|Any CPU
		{133D4D98-1D66-4236-A65F-2CB246421886}.Debug|Any CPU.Build.0 = Debug|Any CPU
		{133D4D98-1D66-4236-A65F-2CB246421886}.Debug|x64.ActiveCfg = Debug|Any CPU
		{133D4D98-1D66-4236-A65F-2CB246421886}.Debug|x64.Build.0 = Debug|Any CPU
		{133D4D98-1D66-4236-A65F-2CB246421886}.Debug|x86.ActiveCfg = Debug|Any CPU
		{133D4D98-1D66-4236-A65F-2CB246421886}.Debug|x86.Build.0 = Debug|Any CPU
		{133D4D98-1D66-4236-A65F-2CB246421886}.Release|Any CPU.ActiveCfg = Release|Any CPU
		{133D4D98-1D66-4236-A65F-2CB246421886}.Release|Any CPU.Build.0 = Release|Any CPU
		{133D4D98-1D66-4236-A65F-2CB246421886}.Release|x64.ActiveCfg = Release|Any CPU
		{133D4D98-1D66-4236-A65F-2CB246421886}.Release|x64.Build.0 = Release|Any CPU
		{133D4D98-1D66-4236-A65F-2CB246421886}.Release|x86.ActiveCfg = Release|Any CPU
		{133D4D98-1D66-4236-A65F-2CB246421886}.Release|x86.Build.0 = Release|Any CPU
		{F0D77B0E-8109-4375-AA23-0A705FB79C97}.Debug|Any CPU.ActiveCfg = Debug|Any CPU
		{F0D77B0E-8109-4375-AA23-0A705FB79C97}.Debug|Any CPU.Build.0 = Debug|Any CPU
		{F0D77B0E-8109-4375-AA23-0A705FB79C97}.Debug|x64.ActiveCfg = Debug|Any CPU
		{F0D77B0E-8109-4375-AA23-0A705FB79C97}.Debug|x64.Build.0 = Debug|Any CPU
		{F0D77B0E-8109-4375-AA23-0A705FB79C97}.Debug|x86.ActiveCfg = Debug|Any CPU
		{F0D77B0E-8109-4375-AA23-0A705FB79C97}.Debug|x86.Build.0 = Debug|Any CPU
		{F0D77B0E-8109-4375-AA23-0A705FB79C97}.Release|Any CPU.ActiveCfg = Release|Any CPU
		{F0D77B0E-8109-4375-AA23-0A705FB79C97}.Release|Any CPU.Build.0 = Release|Any CPU
		{F0D77B0E-8109-4375-AA23-0A705FB79C97}.Release|x64.ActiveCfg = Release|Any CPU
		{F0D77B0E-8109-4375-AA23-0A705FB79C97}.Release|x64.Build.0 = Release|Any CPU
		{F0D77B0E-8109-4375-AA23-0A705FB79C97}.Release|x86.ActiveCfg = Release|Any CPU
		{F0D77B0E-8109-4375-AA23-0A705FB79C97}.Release|x86.Build.0 = Release|Any CPU
		{5FCA6054-628C-4C9D-B732-103A2D36C515}.Debug|Any CPU.ActiveCfg = Debug|Any CPU
		{5FCA6054-628C-4C9D-B732-103A2D36C515}.Debug|Any CPU.Build.0 = Debug|Any CPU
		{5FCA6054-628C-4C9D-B732-103A2D36C515}.Debug|x64.ActiveCfg = Debug|Any CPU
		{5FCA6054-628C-4C9D-B732-103A2D36C515}.Debug|x64.Build.0 = Debug|Any CPU
		{5FCA6054-628C-4C9D-B732-103A2D36C515}.Debug|x86.ActiveCfg = Debug|Any CPU
		{5FCA6054-628C-4C9D-B732-103A2D36C515}.Debug|x86.Build.0 = Debug|Any CPU
		{5FCA6054-628C-4C9D-B732-103A2D36C515}.Release|Any CPU.ActiveCfg = Release|Any CPU
		{5FCA6054-628C-4C9D-B732-103A2D36C515}.Release|Any CPU.Build.0 = Release|Any CPU
		{5FCA6054-628C-4C9D-B732-103A2D36C515}.Release|x64.ActiveCfg = Release|Any CPU
		{5FCA6054-628C-4C9D-B732-103A2D36C515}.Release|x64.Build.0 = Release|Any CPU
		{5FCA6054-628C-4C9D-B732-103A2D36C515}.Release|x86.ActiveCfg = Release|Any CPU
		{5FCA6054-628C-4C9D-B732-103A2D36C515}.Release|x86.Build.0 = Release|Any CPU
		{6E3A15EF-56EB-4E95-9A07-3952B6747050}.Debug|Any CPU.ActiveCfg = Debug|Any CPU
		{6E3A15EF-56EB-4E95-9A07-3952B6747050}.Debug|Any CPU.Build.0 = Debug|Any CPU
		{6E3A15EF-56EB-4E95-9A07-3952B6747050}.Debug|x64.ActiveCfg = Debug|Any CPU
		{6E3A15EF-56EB-4E95-9A07-3952B6747050}.Debug|x64.Build.0 = Debug|Any CPU
		{6E3A15EF-56EB-4E95-9A07-3952B6747050}.Debug|x86.ActiveCfg = Debug|Any CPU
		{6E3A15EF-56EB-4E95-9A07-3952B6747050}.Debug|x86.Build.0 = Debug|Any CPU
		{6E3A15EF-56EB-4E95-9A07-3952B6747050}.Release|Any CPU.ActiveCfg = Release|Any CPU
		{6E3A15EF-56EB-4E95-9A07-3952B6747050}.Release|Any CPU.Build.0 = Release|Any CPU
		{6E3A15EF-56EB-4E95-9A07-3952B6747050}.Release|x64.ActiveCfg = Release|Any CPU
		{6E3A15EF-56EB-4E95-9A07-3952B6747050}.Release|x64.Build.0 = Release|Any CPU
		{6E3A15EF-56EB-4E95-9A07-3952B6747050}.Release|x86.ActiveCfg = Release|Any CPU
		{6E3A15EF-56EB-4E95-9A07-3952B6747050}.Release|x86.Build.0 = Release|Any CPU
		{CA2D29FB-9923-460B-8D7A-2628DF728A7F}.Debug|Any CPU.ActiveCfg = Debug|Any CPU
		{CA2D29FB-9923-460B-8D7A-2628DF728A7F}.Debug|Any CPU.Build.0 = Debug|Any CPU
		{CA2D29FB-9923-460B-8D7A-2628DF728A7F}.Debug|x64.ActiveCfg = Debug|Any CPU
		{CA2D29FB-9923-460B-8D7A-2628DF728A7F}.Debug|x64.Build.0 = Debug|Any CPU
		{CA2D29FB-9923-460B-8D7A-2628DF728A7F}.Debug|x86.ActiveCfg = Debug|Any CPU
		{CA2D29FB-9923-460B-8D7A-2628DF728A7F}.Debug|x86.Build.0 = Debug|Any CPU
		{CA2D29FB-9923-460B-8D7A-2628DF728A7F}.Release|Any CPU.ActiveCfg = Release|Any CPU
		{CA2D29FB-9923-460B-8D7A-2628DF728A7F}.Release|Any CPU.Build.0 = Release|Any CPU
		{CA2D29FB-9923-460B-8D7A-2628DF728A7F}.Release|x64.ActiveCfg = Release|Any CPU
		{CA2D29FB-9923-460B-8D7A-2628DF728A7F}.Release|x64.Build.0 = Release|Any CPU
		{CA2D29FB-9923-460B-8D7A-2628DF728A7F}.Release|x86.ActiveCfg = Release|Any CPU
		{CA2D29FB-9923-460B-8D7A-2628DF728A7F}.Release|x86.Build.0 = Release|Any CPU
		{D5D718A0-EE60-454D-A8CD-2F4BBE5145CE}.Debug|Any CPU.ActiveCfg = Debug|Any CPU
		{D5D718A0-EE60-454D-A8CD-2F4BBE5145CE}.Debug|Any CPU.Build.0 = Debug|Any CPU
		{D5D718A0-EE60-454D-A8CD-2F4BBE5145CE}.Debug|x64.ActiveCfg = Debug|Any CPU
		{D5D718A0-EE60-454D-A8CD-2F4BBE5145CE}.Debug|x64.Build.0 = Debug|Any CPU
		{D5D718A0-EE60-454D-A8CD-2F4BBE5145CE}.Debug|x86.ActiveCfg = Debug|Any CPU
		{D5D718A0-EE60-454D-A8CD-2F4BBE5145CE}.Debug|x86.Build.0 = Debug|Any CPU
		{D5D718A0-EE60-454D-A8CD-2F4BBE5145CE}.Release|Any CPU.ActiveCfg = Release|Any CPU
		{D5D718A0-EE60-454D-A8CD-2F4BBE5145CE}.Release|Any CPU.Build.0 = Release|Any CPU
		{D5D718A0-EE60-454D-A8CD-2F4BBE5145CE}.Release|x64.ActiveCfg = Release|Any CPU
		{D5D718A0-EE60-454D-A8CD-2F4BBE5145CE}.Release|x64.Build.0 = Release|Any CPU
		{D5D718A0-EE60-454D-A8CD-2F4BBE5145CE}.Release|x86.ActiveCfg = Release|Any CPU
		{D5D718A0-EE60-454D-A8CD-2F4BBE5145CE}.Release|x86.Build.0 = Release|Any CPU
		{9E760010-B2A4-49EC-83CA-C2C132E8DF89}.Debug|Any CPU.ActiveCfg = Debug|Any CPU
		{9E760010-B2A4-49EC-83CA-C2C132E8DF89}.Debug|Any CPU.Build.0 = Debug|Any CPU
		{9E760010-B2A4-49EC-83CA-C2C132E8DF89}.Debug|x64.ActiveCfg = Debug|Any CPU
		{9E760010-B2A4-49EC-83CA-C2C132E8DF89}.Debug|x64.Build.0 = Debug|Any CPU
		{9E760010-B2A4-49EC-83CA-C2C132E8DF89}.Debug|x86.ActiveCfg = Debug|Any CPU
		{9E760010-B2A4-49EC-83CA-C2C132E8DF89}.Debug|x86.Build.0 = Debug|Any CPU
		{9E760010-B2A4-49EC-83CA-C2C132E8DF89}.Release|Any CPU.ActiveCfg = Release|Any CPU
		{9E760010-B2A4-49EC-83CA-C2C132E8DF89}.Release|Any CPU.Build.0 = Release|Any CPU
		{9E760010-B2A4-49EC-83CA-C2C132E8DF89}.Release|x64.ActiveCfg = Release|Any CPU
		{9E760010-B2A4-49EC-83CA-C2C132E8DF89}.Release|x64.Build.0 = Release|Any CPU
		{9E760010-B2A4-49EC-83CA-C2C132E8DF89}.Release|x86.ActiveCfg = Release|Any CPU
		{9E760010-B2A4-49EC-83CA-C2C132E8DF89}.Release|x86.Build.0 = Release|Any CPU
		{F93E00C5-E761-48D0-B8AC-90482917EA55}.Debug|Any CPU.ActiveCfg = Debug|Any CPU
		{F93E00C5-E761-48D0-B8AC-90482917EA55}.Debug|Any CPU.Build.0 = Debug|Any CPU
		{F93E00C5-E761-48D0-B8AC-90482917EA55}.Debug|x64.ActiveCfg = Debug|Any CPU
		{F93E00C5-E761-48D0-B8AC-90482917EA55}.Debug|x64.Build.0 = Debug|Any CPU
		{F93E00C5-E761-48D0-B8AC-90482917EA55}.Debug|x86.ActiveCfg = Debug|Any CPU
		{F93E00C5-E761-48D0-B8AC-90482917EA55}.Debug|x86.Build.0 = Debug|Any CPU
		{F93E00C5-E761-48D0-B8AC-90482917EA55}.Release|Any CPU.ActiveCfg = Release|Any CPU
		{F93E00C5-E761-48D0-B8AC-90482917EA55}.Release|Any CPU.Build.0 = Release|Any CPU
		{F93E00C5-E761-48D0-B8AC-90482917EA55}.Release|x64.ActiveCfg = Release|Any CPU
		{F93E00C5-E761-48D0-B8AC-90482917EA55}.Release|x64.Build.0 = Release|Any CPU
		{F93E00C5-E761-48D0-B8AC-90482917EA55}.Release|x86.ActiveCfg = Release|Any CPU
		{F93E00C5-E761-48D0-B8AC-90482917EA55}.Release|x86.Build.0 = Release|Any CPU
		{626D842E-E466-415F-BA0F-A1C24A31395F}.Debug|Any CPU.ActiveCfg = Debug|Any CPU
		{626D842E-E466-415F-BA0F-A1C24A31395F}.Debug|Any CPU.Build.0 = Debug|Any CPU
		{626D842E-E466-415F-BA0F-A1C24A31395F}.Debug|x64.ActiveCfg = Debug|Any CPU
		{626D842E-E466-415F-BA0F-A1C24A31395F}.Debug|x64.Build.0 = Debug|Any CPU
		{626D842E-E466-415F-BA0F-A1C24A31395F}.Debug|x86.ActiveCfg = Debug|Any CPU
		{626D842E-E466-415F-BA0F-A1C24A31395F}.Debug|x86.Build.0 = Debug|Any CPU
		{626D842E-E466-415F-BA0F-A1C24A31395F}.Release|Any CPU.ActiveCfg = Release|Any CPU
		{626D842E-E466-415F-BA0F-A1C24A31395F}.Release|Any CPU.Build.0 = Release|Any CPU
		{626D842E-E466-415F-BA0F-A1C24A31395F}.Release|x64.ActiveCfg = Release|Any CPU
		{626D842E-E466-415F-BA0F-A1C24A31395F}.Release|x64.Build.0 = Release|Any CPU
		{626D842E-E466-415F-BA0F-A1C24A31395F}.Release|x86.ActiveCfg = Release|Any CPU
		{626D842E-E466-415F-BA0F-A1C24A31395F}.Release|x86.Build.0 = Release|Any CPU
		{7382C11D-DD06-4551-BF68-9520028C3F00}.Debug|Any CPU.ActiveCfg = Debug|Any CPU
		{7382C11D-DD06-4551-BF68-9520028C3F00}.Debug|Any CPU.Build.0 = Debug|Any CPU
		{7382C11D-DD06-4551-BF68-9520028C3F00}.Debug|x64.ActiveCfg = Debug|Any CPU
		{7382C11D-DD06-4551-BF68-9520028C3F00}.Debug|x64.Build.0 = Debug|Any CPU
		{7382C11D-DD06-4551-BF68-9520028C3F00}.Debug|x86.ActiveCfg = Debug|Any CPU
		{7382C11D-DD06-4551-BF68-9520028C3F00}.Debug|x86.Build.0 = Debug|Any CPU
		{7382C11D-DD06-4551-BF68-9520028C3F00}.Release|Any CPU.ActiveCfg = Release|Any CPU
		{7382C11D-DD06-4551-BF68-9520028C3F00}.Release|Any CPU.Build.0 = Release|Any CPU
		{7382C11D-DD06-4551-BF68-9520028C3F00}.Release|x64.ActiveCfg = Release|Any CPU
		{7382C11D-DD06-4551-BF68-9520028C3F00}.Release|x64.Build.0 = Release|Any CPU
		{7382C11D-DD06-4551-BF68-9520028C3F00}.Release|x86.ActiveCfg = Release|Any CPU
		{7382C11D-DD06-4551-BF68-9520028C3F00}.Release|x86.Build.0 = Release|Any CPU
		{732C95B5-4907-446D-840A-EA29552DC63D}.Debug|Any CPU.ActiveCfg = Debug|Any CPU
		{732C95B5-4907-446D-840A-EA29552DC63D}.Debug|Any CPU.Build.0 = Debug|Any CPU
		{732C95B5-4907-446D-840A-EA29552DC63D}.Debug|x64.ActiveCfg = Debug|Any CPU
		{732C95B5-4907-446D-840A-EA29552DC63D}.Debug|x64.Build.0 = Debug|Any CPU
		{732C95B5-4907-446D-840A-EA29552DC63D}.Debug|x86.ActiveCfg = Debug|Any CPU
		{732C95B5-4907-446D-840A-EA29552DC63D}.Debug|x86.Build.0 = Debug|Any CPU
		{732C95B5-4907-446D-840A-EA29552DC63D}.Release|Any CPU.ActiveCfg = Release|Any CPU
		{732C95B5-4907-446D-840A-EA29552DC63D}.Release|Any CPU.Build.0 = Release|Any CPU
		{732C95B5-4907-446D-840A-EA29552DC63D}.Release|x64.ActiveCfg = Release|Any CPU
		{732C95B5-4907-446D-840A-EA29552DC63D}.Release|x64.Build.0 = Release|Any CPU
		{732C95B5-4907-446D-840A-EA29552DC63D}.Release|x86.ActiveCfg = Release|Any CPU
		{732C95B5-4907-446D-840A-EA29552DC63D}.Release|x86.Build.0 = Release|Any CPU
		{97BA9170-DFC9-42C3-B9C1-D1AAC4E3C34D}.Debug|Any CPU.ActiveCfg = Debug|Any CPU
		{97BA9170-DFC9-42C3-B9C1-D1AAC4E3C34D}.Debug|Any CPU.Build.0 = Debug|Any CPU
		{97BA9170-DFC9-42C3-B9C1-D1AAC4E3C34D}.Debug|x64.ActiveCfg = Debug|Any CPU
		{97BA9170-DFC9-42C3-B9C1-D1AAC4E3C34D}.Debug|x64.Build.0 = Debug|Any CPU
		{97BA9170-DFC9-42C3-B9C1-D1AAC4E3C34D}.Debug|x86.ActiveCfg = Debug|Win32
		{97BA9170-DFC9-42C3-B9C1-D1AAC4E3C34D}.Debug|x86.Build.0 = Debug|Win32
		{97BA9170-DFC9-42C3-B9C1-D1AAC4E3C34D}.Release|Any CPU.ActiveCfg = Release|Any CPU
		{97BA9170-DFC9-42C3-B9C1-D1AAC4E3C34D}.Release|Any CPU.Build.0 = Release|Any CPU
		{97BA9170-DFC9-42C3-B9C1-D1AAC4E3C34D}.Release|x64.ActiveCfg = Release|Any CPU
		{97BA9170-DFC9-42C3-B9C1-D1AAC4E3C34D}.Release|x64.Build.0 = Release|Any CPU
		{97BA9170-DFC9-42C3-B9C1-D1AAC4E3C34D}.Release|x86.ActiveCfg = Release|Win32
		{97BA9170-DFC9-42C3-B9C1-D1AAC4E3C34D}.Release|x86.Build.0 = Release|Win32
		{168A7106-C5A9-448B-A5B1-DD030CA190ED}.Debug|Any CPU.ActiveCfg = Debug|Any CPU
		{168A7106-C5A9-448B-A5B1-DD030CA190ED}.Debug|Any CPU.Build.0 = Debug|Any CPU
		{168A7106-C5A9-448B-A5B1-DD030CA190ED}.Debug|x64.ActiveCfg = Debug|Any CPU
		{168A7106-C5A9-448B-A5B1-DD030CA190ED}.Debug|x64.Build.0 = Debug|Any CPU
		{168A7106-C5A9-448B-A5B1-DD030CA190ED}.Debug|x86.ActiveCfg = Debug|Any CPU
		{168A7106-C5A9-448B-A5B1-DD030CA190ED}.Debug|x86.Build.0 = Debug|Any CPU
		{168A7106-C5A9-448B-A5B1-DD030CA190ED}.Release|Any CPU.ActiveCfg = Release|Any CPU
		{168A7106-C5A9-448B-A5B1-DD030CA190ED}.Release|Any CPU.Build.0 = Release|Any CPU
		{168A7106-C5A9-448B-A5B1-DD030CA190ED}.Release|x64.ActiveCfg = Release|Any CPU
		{168A7106-C5A9-448B-A5B1-DD030CA190ED}.Release|x64.Build.0 = Release|Any CPU
		{168A7106-C5A9-448B-A5B1-DD030CA190ED}.Release|x86.ActiveCfg = Release|Any CPU
		{168A7106-C5A9-448B-A5B1-DD030CA190ED}.Release|x86.Build.0 = Release|Any CPU
		{C5D3D87D-33F5-4A76-9CC7-77681A94D5A8}.Debug|Any CPU.ActiveCfg = Debug|Any CPU
		{C5D3D87D-33F5-4A76-9CC7-77681A94D5A8}.Debug|Any CPU.Build.0 = Debug|Any CPU
		{C5D3D87D-33F5-4A76-9CC7-77681A94D5A8}.Debug|x64.ActiveCfg = Debug|Any CPU
		{C5D3D87D-33F5-4A76-9CC7-77681A94D5A8}.Debug|x64.Build.0 = Debug|Any CPU
		{C5D3D87D-33F5-4A76-9CC7-77681A94D5A8}.Debug|x86.ActiveCfg = Debug|Any CPU
		{C5D3D87D-33F5-4A76-9CC7-77681A94D5A8}.Debug|x86.Build.0 = Debug|Any CPU
		{C5D3D87D-33F5-4A76-9CC7-77681A94D5A8}.Release|Any CPU.ActiveCfg = Release|Any CPU
		{C5D3D87D-33F5-4A76-9CC7-77681A94D5A8}.Release|Any CPU.Build.0 = Release|Any CPU
		{C5D3D87D-33F5-4A76-9CC7-77681A94D5A8}.Release|x64.ActiveCfg = Release|Any CPU
		{C5D3D87D-33F5-4A76-9CC7-77681A94D5A8}.Release|x64.Build.0 = Release|Any CPU
		{C5D3D87D-33F5-4A76-9CC7-77681A94D5A8}.Release|x86.ActiveCfg = Release|Any CPU
		{C5D3D87D-33F5-4A76-9CC7-77681A94D5A8}.Release|x86.Build.0 = Release|Any CPU
		{4CE17C0C-B164-4C54-971B-9EBEF4053808}.Debug|Any CPU.ActiveCfg = Debug|Any CPU
		{4CE17C0C-B164-4C54-971B-9EBEF4053808}.Debug|Any CPU.Build.0 = Debug|Any CPU
		{4CE17C0C-B164-4C54-971B-9EBEF4053808}.Debug|x64.ActiveCfg = Debug|Any CPU
		{4CE17C0C-B164-4C54-971B-9EBEF4053808}.Debug|x64.Build.0 = Debug|Any CPU
		{4CE17C0C-B164-4C54-971B-9EBEF4053808}.Debug|x86.ActiveCfg = Debug|Any CPU
		{4CE17C0C-B164-4C54-971B-9EBEF4053808}.Debug|x86.Build.0 = Debug|Any CPU
		{4CE17C0C-B164-4C54-971B-9EBEF4053808}.Release|Any CPU.ActiveCfg = Release|Any CPU
		{4CE17C0C-B164-4C54-971B-9EBEF4053808}.Release|Any CPU.Build.0 = Release|Any CPU
		{4CE17C0C-B164-4C54-971B-9EBEF4053808}.Release|x64.ActiveCfg = Release|Any CPU
		{4CE17C0C-B164-4C54-971B-9EBEF4053808}.Release|x64.Build.0 = Release|Any CPU
		{4CE17C0C-B164-4C54-971B-9EBEF4053808}.Release|x86.ActiveCfg = Release|Any CPU
		{4CE17C0C-B164-4C54-971B-9EBEF4053808}.Release|x86.Build.0 = Release|Any CPU
		{700FDD12-E652-4372-AB1D-A3E281648B3C}.Debug|Any CPU.ActiveCfg = Debug|Any CPU
		{700FDD12-E652-4372-AB1D-A3E281648B3C}.Debug|Any CPU.Build.0 = Debug|Any CPU
		{700FDD12-E652-4372-AB1D-A3E281648B3C}.Debug|x64.ActiveCfg = Debug|Any CPU
		{700FDD12-E652-4372-AB1D-A3E281648B3C}.Debug|x64.Build.0 = Debug|Any CPU
		{700FDD12-E652-4372-AB1D-A3E281648B3C}.Debug|x86.ActiveCfg = Debug|Any CPU
		{700FDD12-E652-4372-AB1D-A3E281648B3C}.Debug|x86.Build.0 = Debug|Any CPU
		{700FDD12-E652-4372-AB1D-A3E281648B3C}.Release|Any CPU.ActiveCfg = Release|Any CPU
		{700FDD12-E652-4372-AB1D-A3E281648B3C}.Release|Any CPU.Build.0 = Release|Any CPU
		{700FDD12-E652-4372-AB1D-A3E281648B3C}.Release|x64.ActiveCfg = Release|Any CPU
		{700FDD12-E652-4372-AB1D-A3E281648B3C}.Release|x64.Build.0 = Release|Any CPU
		{700FDD12-E652-4372-AB1D-A3E281648B3C}.Release|x86.ActiveCfg = Release|Any CPU
		{700FDD12-E652-4372-AB1D-A3E281648B3C}.Release|x86.Build.0 = Release|Any CPU
		{E6C3EF02-ACCB-4511-8B60-9DBEEED09615}.Debug|Any CPU.ActiveCfg = Debug|Any CPU
		{E6C3EF02-ACCB-4511-8B60-9DBEEED09615}.Debug|Any CPU.Build.0 = Debug|Any CPU
		{E6C3EF02-ACCB-4511-8B60-9DBEEED09615}.Debug|x64.ActiveCfg = Debug|Any CPU
		{E6C3EF02-ACCB-4511-8B60-9DBEEED09615}.Debug|x64.Build.0 = Debug|Any CPU
		{E6C3EF02-ACCB-4511-8B60-9DBEEED09615}.Debug|x86.ActiveCfg = Debug|Any CPU
		{E6C3EF02-ACCB-4511-8B60-9DBEEED09615}.Debug|x86.Build.0 = Debug|Any CPU
		{E6C3EF02-ACCB-4511-8B60-9DBEEED09615}.Release|Any CPU.ActiveCfg = Release|Any CPU
		{E6C3EF02-ACCB-4511-8B60-9DBEEED09615}.Release|Any CPU.Build.0 = Release|Any CPU
		{E6C3EF02-ACCB-4511-8B60-9DBEEED09615}.Release|x64.ActiveCfg = Release|Any CPU
		{E6C3EF02-ACCB-4511-8B60-9DBEEED09615}.Release|x64.Build.0 = Release|Any CPU
		{E6C3EF02-ACCB-4511-8B60-9DBEEED09615}.Release|x86.ActiveCfg = Release|Any CPU
		{E6C3EF02-ACCB-4511-8B60-9DBEEED09615}.Release|x86.Build.0 = Release|Any CPU
		{857807E4-97AF-4165-BC8A-8EDA93E41AEE}.Debug|Any CPU.ActiveCfg = Debug|Any CPU
		{857807E4-97AF-4165-BC8A-8EDA93E41AEE}.Debug|Any CPU.Build.0 = Debug|Any CPU
		{857807E4-97AF-4165-BC8A-8EDA93E41AEE}.Debug|x64.ActiveCfg = Debug|Any CPU
		{857807E4-97AF-4165-BC8A-8EDA93E41AEE}.Debug|x64.Build.0 = Debug|Any CPU
		{857807E4-97AF-4165-BC8A-8EDA93E41AEE}.Debug|x86.ActiveCfg = Debug|Any CPU
		{857807E4-97AF-4165-BC8A-8EDA93E41AEE}.Debug|x86.Build.0 = Debug|Any CPU
		{857807E4-97AF-4165-BC8A-8EDA93E41AEE}.Release|Any CPU.ActiveCfg = Release|Any CPU
		{857807E4-97AF-4165-BC8A-8EDA93E41AEE}.Release|Any CPU.Build.0 = Release|Any CPU
		{857807E4-97AF-4165-BC8A-8EDA93E41AEE}.Release|x64.ActiveCfg = Release|Any CPU
		{857807E4-97AF-4165-BC8A-8EDA93E41AEE}.Release|x64.Build.0 = Release|Any CPU
		{857807E4-97AF-4165-BC8A-8EDA93E41AEE}.Release|x86.ActiveCfg = Release|Any CPU
		{857807E4-97AF-4165-BC8A-8EDA93E41AEE}.Release|x86.Build.0 = Release|Any CPU
		{0ADFE9A6-1508-4AE1-9A17-E407AC96F970}.Debug|Any CPU.ActiveCfg = Debug|Any CPU
		{0ADFE9A6-1508-4AE1-9A17-E407AC96F970}.Debug|Any CPU.Build.0 = Debug|Any CPU
		{0ADFE9A6-1508-4AE1-9A17-E407AC96F970}.Debug|x64.ActiveCfg = Debug|Any CPU
		{0ADFE9A6-1508-4AE1-9A17-E407AC96F970}.Debug|x64.Build.0 = Debug|Any CPU
		{0ADFE9A6-1508-4AE1-9A17-E407AC96F970}.Debug|x86.ActiveCfg = Debug|Any CPU
		{0ADFE9A6-1508-4AE1-9A17-E407AC96F970}.Debug|x86.Build.0 = Debug|Any CPU
		{0ADFE9A6-1508-4AE1-9A17-E407AC96F970}.Release|Any CPU.ActiveCfg = Release|Any CPU
		{0ADFE9A6-1508-4AE1-9A17-E407AC96F970}.Release|Any CPU.Build.0 = Release|Any CPU
		{0ADFE9A6-1508-4AE1-9A17-E407AC96F970}.Release|x64.ActiveCfg = Release|Any CPU
		{0ADFE9A6-1508-4AE1-9A17-E407AC96F970}.Release|x64.Build.0 = Release|Any CPU
		{0ADFE9A6-1508-4AE1-9A17-E407AC96F970}.Release|x86.ActiveCfg = Release|Any CPU
		{0ADFE9A6-1508-4AE1-9A17-E407AC96F970}.Release|x86.Build.0 = Release|Any CPU
		{D9614CC5-912D-4C75-B897-0B5567CA7975}.Debug|Any CPU.ActiveCfg = Debug|Any CPU
		{D9614CC5-912D-4C75-B897-0B5567CA7975}.Debug|Any CPU.Build.0 = Debug|Any CPU
		{D9614CC5-912D-4C75-B897-0B5567CA7975}.Debug|x64.ActiveCfg = Debug|Any CPU
		{D9614CC5-912D-4C75-B897-0B5567CA7975}.Debug|x64.Build.0 = Debug|Any CPU
		{D9614CC5-912D-4C75-B897-0B5567CA7975}.Debug|x86.ActiveCfg = Debug|Any CPU
		{D9614CC5-912D-4C75-B897-0B5567CA7975}.Debug|x86.Build.0 = Debug|Any CPU
		{D9614CC5-912D-4C75-B897-0B5567CA7975}.Release|Any CPU.ActiveCfg = Release|Any CPU
		{D9614CC5-912D-4C75-B897-0B5567CA7975}.Release|Any CPU.Build.0 = Release|Any CPU
		{D9614CC5-912D-4C75-B897-0B5567CA7975}.Release|x64.ActiveCfg = Release|Any CPU
		{D9614CC5-912D-4C75-B897-0B5567CA7975}.Release|x64.Build.0 = Release|Any CPU
		{D9614CC5-912D-4C75-B897-0B5567CA7975}.Release|x86.ActiveCfg = Release|Any CPU
		{D9614CC5-912D-4C75-B897-0B5567CA7975}.Release|x86.Build.0 = Release|Any CPU
		{3DAAB392-C749-42EE-A36E-02B39997A290}.Debug|Any CPU.ActiveCfg = Debug|Any CPU
		{3DAAB392-C749-42EE-A36E-02B39997A290}.Debug|Any CPU.Build.0 = Debug|Any CPU
		{3DAAB392-C749-42EE-A36E-02B39997A290}.Debug|x64.ActiveCfg = Debug|Any CPU
		{3DAAB392-C749-42EE-A36E-02B39997A290}.Debug|x64.Build.0 = Debug|Any CPU
		{3DAAB392-C749-42EE-A36E-02B39997A290}.Debug|x86.ActiveCfg = Debug|Any CPU
		{3DAAB392-C749-42EE-A36E-02B39997A290}.Debug|x86.Build.0 = Debug|Any CPU
		{3DAAB392-C749-42EE-A36E-02B39997A290}.Release|Any CPU.ActiveCfg = Release|Any CPU
		{3DAAB392-C749-42EE-A36E-02B39997A290}.Release|Any CPU.Build.0 = Release|Any CPU
		{3DAAB392-C749-42EE-A36E-02B39997A290}.Release|x64.ActiveCfg = Release|Any CPU
		{3DAAB392-C749-42EE-A36E-02B39997A290}.Release|x64.Build.0 = Release|Any CPU
		{3DAAB392-C749-42EE-A36E-02B39997A290}.Release|x86.ActiveCfg = Release|Any CPU
		{3DAAB392-C749-42EE-A36E-02B39997A290}.Release|x86.Build.0 = Release|Any CPU
		{8C0D4821-4927-4C79-8499-30E5D1484624}.Debug|Any CPU.ActiveCfg = Debug|Any CPU
		{8C0D4821-4927-4C79-8499-30E5D1484624}.Debug|Any CPU.Build.0 = Debug|Any CPU
		{8C0D4821-4927-4C79-8499-30E5D1484624}.Debug|x64.ActiveCfg = Debug|Any CPU
		{8C0D4821-4927-4C79-8499-30E5D1484624}.Debug|x64.Build.0 = Debug|Any CPU
		{8C0D4821-4927-4C79-8499-30E5D1484624}.Debug|x86.ActiveCfg = Debug|Any CPU
		{8C0D4821-4927-4C79-8499-30E5D1484624}.Debug|x86.Build.0 = Debug|Any CPU
		{8C0D4821-4927-4C79-8499-30E5D1484624}.Release|Any CPU.ActiveCfg = Release|Any CPU
		{8C0D4821-4927-4C79-8499-30E5D1484624}.Release|Any CPU.Build.0 = Release|Any CPU
		{8C0D4821-4927-4C79-8499-30E5D1484624}.Release|x64.ActiveCfg = Release|Any CPU
		{8C0D4821-4927-4C79-8499-30E5D1484624}.Release|x64.Build.0 = Release|Any CPU
		{8C0D4821-4927-4C79-8499-30E5D1484624}.Release|x86.ActiveCfg = Release|Any CPU
		{8C0D4821-4927-4C79-8499-30E5D1484624}.Release|x86.Build.0 = Release|Any CPU
		{090B18C2-3704-475F-A1C4-A2013B1D4D63}.Debug|Any CPU.ActiveCfg = Debug|Any CPU
		{090B18C2-3704-475F-A1C4-A2013B1D4D63}.Debug|Any CPU.Build.0 = Debug|Any CPU
		{090B18C2-3704-475F-A1C4-A2013B1D4D63}.Debug|x64.ActiveCfg = Debug|Any CPU
		{090B18C2-3704-475F-A1C4-A2013B1D4D63}.Debug|x64.Build.0 = Debug|Any CPU
		{090B18C2-3704-475F-A1C4-A2013B1D4D63}.Debug|x86.ActiveCfg = Debug|Any CPU
		{090B18C2-3704-475F-A1C4-A2013B1D4D63}.Debug|x86.Build.0 = Debug|Any CPU
		{090B18C2-3704-475F-A1C4-A2013B1D4D63}.Release|Any CPU.ActiveCfg = Release|Any CPU
		{090B18C2-3704-475F-A1C4-A2013B1D4D63}.Release|Any CPU.Build.0 = Release|Any CPU
		{090B18C2-3704-475F-A1C4-A2013B1D4D63}.Release|x64.ActiveCfg = Release|Any CPU
		{090B18C2-3704-475F-A1C4-A2013B1D4D63}.Release|x64.Build.0 = Release|Any CPU
		{090B18C2-3704-475F-A1C4-A2013B1D4D63}.Release|x86.ActiveCfg = Release|Any CPU
		{090B18C2-3704-475F-A1C4-A2013B1D4D63}.Release|x86.Build.0 = Release|Any CPU
		{5CF95542-BD22-4554-BBB1-44087DC49DB9}.Debug|Any CPU.ActiveCfg = Debug|Any CPU
		{5CF95542-BD22-4554-BBB1-44087DC49DB9}.Debug|Any CPU.Build.0 = Debug|Any CPU
		{5CF95542-BD22-4554-BBB1-44087DC49DB9}.Debug|x64.ActiveCfg = Debug|Any CPU
		{5CF95542-BD22-4554-BBB1-44087DC49DB9}.Debug|x64.Build.0 = Debug|Any CPU
		{5CF95542-BD22-4554-BBB1-44087DC49DB9}.Debug|x86.ActiveCfg = Debug|Any CPU
		{5CF95542-BD22-4554-BBB1-44087DC49DB9}.Debug|x86.Build.0 = Debug|Any CPU
		{5CF95542-BD22-4554-BBB1-44087DC49DB9}.Release|Any CPU.ActiveCfg = Release|Any CPU
		{5CF95542-BD22-4554-BBB1-44087DC49DB9}.Release|Any CPU.Build.0 = Release|Any CPU
		{5CF95542-BD22-4554-BBB1-44087DC49DB9}.Release|x64.ActiveCfg = Release|Any CPU
		{5CF95542-BD22-4554-BBB1-44087DC49DB9}.Release|x64.Build.0 = Release|Any CPU
		{5CF95542-BD22-4554-BBB1-44087DC49DB9}.Release|x86.ActiveCfg = Release|Any CPU
		{5CF95542-BD22-4554-BBB1-44087DC49DB9}.Release|x86.Build.0 = Release|Any CPU
		{45C713E0-8BC0-4FA5-B2A9-DBA3127EA7F2}.Debug|Any CPU.ActiveCfg = Debug|Any CPU
		{45C713E0-8BC0-4FA5-B2A9-DBA3127EA7F2}.Debug|Any CPU.Build.0 = Debug|Any CPU
		{45C713E0-8BC0-4FA5-B2A9-DBA3127EA7F2}.Debug|x64.ActiveCfg = Debug|Any CPU
		{45C713E0-8BC0-4FA5-B2A9-DBA3127EA7F2}.Debug|x64.Build.0 = Debug|Any CPU
		{45C713E0-8BC0-4FA5-B2A9-DBA3127EA7F2}.Debug|x86.ActiveCfg = Debug|Any CPU
		{45C713E0-8BC0-4FA5-B2A9-DBA3127EA7F2}.Debug|x86.Build.0 = Debug|Any CPU
		{45C713E0-8BC0-4FA5-B2A9-DBA3127EA7F2}.Release|Any CPU.ActiveCfg = Release|Any CPU
		{45C713E0-8BC0-4FA5-B2A9-DBA3127EA7F2}.Release|Any CPU.Build.0 = Release|Any CPU
		{45C713E0-8BC0-4FA5-B2A9-DBA3127EA7F2}.Release|x64.ActiveCfg = Release|Any CPU
		{45C713E0-8BC0-4FA5-B2A9-DBA3127EA7F2}.Release|x64.Build.0 = Release|Any CPU
		{45C713E0-8BC0-4FA5-B2A9-DBA3127EA7F2}.Release|x86.ActiveCfg = Release|Any CPU
		{45C713E0-8BC0-4FA5-B2A9-DBA3127EA7F2}.Release|x86.Build.0 = Release|Any CPU
		{E40ABB3D-4F48-434A-8C24-6C111CA4C000}.Debug|Any CPU.ActiveCfg = Debug|Any CPU
		{E40ABB3D-4F48-434A-8C24-6C111CA4C000}.Debug|Any CPU.Build.0 = Debug|Any CPU
		{E40ABB3D-4F48-434A-8C24-6C111CA4C000}.Debug|x64.ActiveCfg = Debug|Any CPU
		{E40ABB3D-4F48-434A-8C24-6C111CA4C000}.Debug|x64.Build.0 = Debug|Any CPU
		{E40ABB3D-4F48-434A-8C24-6C111CA4C000}.Debug|x86.ActiveCfg = Debug|Any CPU
		{E40ABB3D-4F48-434A-8C24-6C111CA4C000}.Debug|x86.Build.0 = Debug|Any CPU
		{E40ABB3D-4F48-434A-8C24-6C111CA4C000}.Release|Any CPU.ActiveCfg = Release|Any CPU
		{E40ABB3D-4F48-434A-8C24-6C111CA4C000}.Release|Any CPU.Build.0 = Release|Any CPU
		{E40ABB3D-4F48-434A-8C24-6C111CA4C000}.Release|x64.ActiveCfg = Release|Any CPU
		{E40ABB3D-4F48-434A-8C24-6C111CA4C000}.Release|x64.Build.0 = Release|Any CPU
		{E40ABB3D-4F48-434A-8C24-6C111CA4C000}.Release|x86.ActiveCfg = Release|Any CPU
		{E40ABB3D-4F48-434A-8C24-6C111CA4C000}.Release|x86.Build.0 = Release|Any CPU
		{891DCAB1-3062-40D7-B7AE-BAA018254984}.Debug|Any CPU.ActiveCfg = Debug|Any CPU
		{891DCAB1-3062-40D7-B7AE-BAA018254984}.Debug|Any CPU.Build.0 = Debug|Any CPU
		{891DCAB1-3062-40D7-B7AE-BAA018254984}.Debug|x64.ActiveCfg = Debug|Any CPU
		{891DCAB1-3062-40D7-B7AE-BAA018254984}.Debug|x64.Build.0 = Debug|Any CPU
		{891DCAB1-3062-40D7-B7AE-BAA018254984}.Debug|x86.ActiveCfg = Debug|Any CPU
		{891DCAB1-3062-40D7-B7AE-BAA018254984}.Debug|x86.Build.0 = Debug|Any CPU
		{891DCAB1-3062-40D7-B7AE-BAA018254984}.Release|Any CPU.ActiveCfg = Release|Any CPU
		{891DCAB1-3062-40D7-B7AE-BAA018254984}.Release|Any CPU.Build.0 = Release|Any CPU
		{891DCAB1-3062-40D7-B7AE-BAA018254984}.Release|x64.ActiveCfg = Release|Any CPU
		{891DCAB1-3062-40D7-B7AE-BAA018254984}.Release|x64.Build.0 = Release|Any CPU
		{891DCAB1-3062-40D7-B7AE-BAA018254984}.Release|x86.ActiveCfg = Release|Any CPU
		{891DCAB1-3062-40D7-B7AE-BAA018254984}.Release|x86.Build.0 = Release|Any CPU
		{18EF8E46-361F-458F-BAE6-830B1628FD74}.Debug|Any CPU.ActiveCfg = Debug|Any CPU
		{18EF8E46-361F-458F-BAE6-830B1628FD74}.Debug|Any CPU.Build.0 = Debug|Any CPU
		{18EF8E46-361F-458F-BAE6-830B1628FD74}.Debug|x64.ActiveCfg = Debug|Any CPU
		{18EF8E46-361F-458F-BAE6-830B1628FD74}.Debug|x64.Build.0 = Debug|Any CPU
		{18EF8E46-361F-458F-BAE6-830B1628FD74}.Debug|x86.ActiveCfg = Debug|Any CPU
		{18EF8E46-361F-458F-BAE6-830B1628FD74}.Debug|x86.Build.0 = Debug|Any CPU
		{18EF8E46-361F-458F-BAE6-830B1628FD74}.Release|Any CPU.ActiveCfg = Release|Any CPU
		{18EF8E46-361F-458F-BAE6-830B1628FD74}.Release|Any CPU.Build.0 = Release|Any CPU
		{18EF8E46-361F-458F-BAE6-830B1628FD74}.Release|x64.ActiveCfg = Release|Any CPU
		{18EF8E46-361F-458F-BAE6-830B1628FD74}.Release|x64.Build.0 = Release|Any CPU
		{18EF8E46-361F-458F-BAE6-830B1628FD74}.Release|x86.ActiveCfg = Release|Any CPU
		{18EF8E46-361F-458F-BAE6-830B1628FD74}.Release|x86.Build.0 = Release|Any CPU
		{FA1D6807-3C7D-402F-989B-E1FFFA358B94}.Debug|Any CPU.ActiveCfg = Debug|Any CPU
		{FA1D6807-3C7D-402F-989B-E1FFFA358B94}.Debug|Any CPU.Build.0 = Debug|Any CPU
		{FA1D6807-3C7D-402F-989B-E1FFFA358B94}.Debug|x64.ActiveCfg = Debug|Any CPU
		{FA1D6807-3C7D-402F-989B-E1FFFA358B94}.Debug|x64.Build.0 = Debug|Any CPU
		{FA1D6807-3C7D-402F-989B-E1FFFA358B94}.Debug|x86.ActiveCfg = Debug|Any CPU
		{FA1D6807-3C7D-402F-989B-E1FFFA358B94}.Debug|x86.Build.0 = Debug|Any CPU
		{FA1D6807-3C7D-402F-989B-E1FFFA358B94}.Release|Any CPU.ActiveCfg = Release|Any CPU
		{FA1D6807-3C7D-402F-989B-E1FFFA358B94}.Release|Any CPU.Build.0 = Release|Any CPU
		{FA1D6807-3C7D-402F-989B-E1FFFA358B94}.Release|x64.ActiveCfg = Release|Any CPU
		{FA1D6807-3C7D-402F-989B-E1FFFA358B94}.Release|x64.Build.0 = Release|Any CPU
		{FA1D6807-3C7D-402F-989B-E1FFFA358B94}.Release|x86.ActiveCfg = Release|Any CPU
		{FA1D6807-3C7D-402F-989B-E1FFFA358B94}.Release|x86.Build.0 = Release|Any CPU
		{382C9837-E574-4268-8A57-388CA5CCD164}.Debug|Any CPU.ActiveCfg = Debug|Any CPU
		{382C9837-E574-4268-8A57-388CA5CCD164}.Debug|Any CPU.Build.0 = Debug|Any CPU
		{382C9837-E574-4268-8A57-388CA5CCD164}.Debug|x64.ActiveCfg = Debug|Any CPU
		{382C9837-E574-4268-8A57-388CA5CCD164}.Debug|x64.Build.0 = Debug|Any CPU
		{382C9837-E574-4268-8A57-388CA5CCD164}.Debug|x86.ActiveCfg = Debug|Any CPU
		{382C9837-E574-4268-8A57-388CA5CCD164}.Debug|x86.Build.0 = Debug|Any CPU
		{382C9837-E574-4268-8A57-388CA5CCD164}.Release|Any CPU.ActiveCfg = Release|Any CPU
		{382C9837-E574-4268-8A57-388CA5CCD164}.Release|Any CPU.Build.0 = Release|Any CPU
		{382C9837-E574-4268-8A57-388CA5CCD164}.Release|x64.ActiveCfg = Release|Any CPU
		{382C9837-E574-4268-8A57-388CA5CCD164}.Release|x64.Build.0 = Release|Any CPU
		{382C9837-E574-4268-8A57-388CA5CCD164}.Release|x86.ActiveCfg = Release|Any CPU
		{382C9837-E574-4268-8A57-388CA5CCD164}.Release|x86.Build.0 = Release|Any CPU
		{4EA89BA8-E43A-40BE-9FB8-437A75E33EB6}.Debug|Any CPU.ActiveCfg = Debug|Any CPU
		{4EA89BA8-E43A-40BE-9FB8-437A75E33EB6}.Debug|Any CPU.Build.0 = Debug|Any CPU
		{4EA89BA8-E43A-40BE-9FB8-437A75E33EB6}.Debug|x64.ActiveCfg = Debug|Any CPU
		{4EA89BA8-E43A-40BE-9FB8-437A75E33EB6}.Debug|x64.Build.0 = Debug|Any CPU
		{4EA89BA8-E43A-40BE-9FB8-437A75E33EB6}.Debug|x86.ActiveCfg = Debug|Any CPU
		{4EA89BA8-E43A-40BE-9FB8-437A75E33EB6}.Debug|x86.Build.0 = Debug|Any CPU
		{4EA89BA8-E43A-40BE-9FB8-437A75E33EB6}.Release|Any CPU.ActiveCfg = Release|Any CPU
		{4EA89BA8-E43A-40BE-9FB8-437A75E33EB6}.Release|Any CPU.Build.0 = Release|Any CPU
		{4EA89BA8-E43A-40BE-9FB8-437A75E33EB6}.Release|x64.ActiveCfg = Release|Any CPU
		{4EA89BA8-E43A-40BE-9FB8-437A75E33EB6}.Release|x64.Build.0 = Release|Any CPU
		{4EA89BA8-E43A-40BE-9FB8-437A75E33EB6}.Release|x86.ActiveCfg = Release|Any CPU
		{4EA89BA8-E43A-40BE-9FB8-437A75E33EB6}.Release|x86.Build.0 = Release|Any CPU
		{B4485A79-FCD3-4763-A961-12BE5ED94316}.Debug|Any CPU.ActiveCfg = Debug|Any CPU
		{B4485A79-FCD3-4763-A961-12BE5ED94316}.Debug|Any CPU.Build.0 = Debug|Any CPU
		{B4485A79-FCD3-4763-A961-12BE5ED94316}.Debug|x64.ActiveCfg = Debug|Any CPU
		{B4485A79-FCD3-4763-A961-12BE5ED94316}.Debug|x64.Build.0 = Debug|Any CPU
		{B4485A79-FCD3-4763-A961-12BE5ED94316}.Debug|x86.ActiveCfg = Debug|Any CPU
		{B4485A79-FCD3-4763-A961-12BE5ED94316}.Debug|x86.Build.0 = Debug|Any CPU
		{B4485A79-FCD3-4763-A961-12BE5ED94316}.Release|Any CPU.ActiveCfg = Release|Any CPU
		{B4485A79-FCD3-4763-A961-12BE5ED94316}.Release|Any CPU.Build.0 = Release|Any CPU
		{B4485A79-FCD3-4763-A961-12BE5ED94316}.Release|x64.ActiveCfg = Release|Any CPU
		{B4485A79-FCD3-4763-A961-12BE5ED94316}.Release|x64.Build.0 = Release|Any CPU
		{B4485A79-FCD3-4763-A961-12BE5ED94316}.Release|x86.ActiveCfg = Release|Any CPU
		{B4485A79-FCD3-4763-A961-12BE5ED94316}.Release|x86.Build.0 = Release|Any CPU
		{533A8D91-E7B0-46C5-9693-BA452000500A}.Debug|Any CPU.ActiveCfg = Debug|Any CPU
		{533A8D91-E7B0-46C5-9693-BA452000500A}.Debug|Any CPU.Build.0 = Debug|Any CPU
		{533A8D91-E7B0-46C5-9693-BA452000500A}.Debug|x64.ActiveCfg = Debug|Any CPU
		{533A8D91-E7B0-46C5-9693-BA452000500A}.Debug|x64.Build.0 = Debug|Any CPU
		{533A8D91-E7B0-46C5-9693-BA452000500A}.Debug|x86.ActiveCfg = Debug|Any CPU
		{533A8D91-E7B0-46C5-9693-BA452000500A}.Debug|x86.Build.0 = Debug|Any CPU
		{533A8D91-E7B0-46C5-9693-BA452000500A}.Release|Any CPU.ActiveCfg = Release|Any CPU
		{533A8D91-E7B0-46C5-9693-BA452000500A}.Release|Any CPU.Build.0 = Release|Any CPU
		{533A8D91-E7B0-46C5-9693-BA452000500A}.Release|x64.ActiveCfg = Release|Any CPU
		{533A8D91-E7B0-46C5-9693-BA452000500A}.Release|x64.Build.0 = Release|Any CPU
		{533A8D91-E7B0-46C5-9693-BA452000500A}.Release|x86.ActiveCfg = Release|Any CPU
		{533A8D91-E7B0-46C5-9693-BA452000500A}.Release|x86.Build.0 = Release|Any CPU
		{9858CB20-24BF-4EE2-9A87-558CAB8BA66F}.Debug|Any CPU.ActiveCfg = Debug|Any CPU
		{9858CB20-24BF-4EE2-9A87-558CAB8BA66F}.Debug|Any CPU.Build.0 = Debug|Any CPU
		{9858CB20-24BF-4EE2-9A87-558CAB8BA66F}.Debug|x64.ActiveCfg = Debug|Any CPU
		{9858CB20-24BF-4EE2-9A87-558CAB8BA66F}.Debug|x64.Build.0 = Debug|Any CPU
		{9858CB20-24BF-4EE2-9A87-558CAB8BA66F}.Debug|x86.ActiveCfg = Debug|Any CPU
		{9858CB20-24BF-4EE2-9A87-558CAB8BA66F}.Debug|x86.Build.0 = Debug|Any CPU
		{9858CB20-24BF-4EE2-9A87-558CAB8BA66F}.Release|Any CPU.ActiveCfg = Release|Any CPU
		{9858CB20-24BF-4EE2-9A87-558CAB8BA66F}.Release|Any CPU.Build.0 = Release|Any CPU
		{9858CB20-24BF-4EE2-9A87-558CAB8BA66F}.Release|x64.ActiveCfg = Release|Any CPU
		{9858CB20-24BF-4EE2-9A87-558CAB8BA66F}.Release|x64.Build.0 = Release|Any CPU
		{9858CB20-24BF-4EE2-9A87-558CAB8BA66F}.Release|x86.ActiveCfg = Release|Any CPU
		{9858CB20-24BF-4EE2-9A87-558CAB8BA66F}.Release|x86.Build.0 = Release|Any CPU
		{AEC971C0-D116-4A04-86F9-1B4F31D908D2}.Debug|Any CPU.ActiveCfg = Debug|Any CPU
		{AEC971C0-D116-4A04-86F9-1B4F31D908D2}.Debug|Any CPU.Build.0 = Debug|Any CPU
		{AEC971C0-D116-4A04-86F9-1B4F31D908D2}.Debug|x64.ActiveCfg = Debug|Any CPU
		{AEC971C0-D116-4A04-86F9-1B4F31D908D2}.Debug|x64.Build.0 = Debug|Any CPU
		{AEC971C0-D116-4A04-86F9-1B4F31D908D2}.Debug|x86.ActiveCfg = Debug|Any CPU
		{AEC971C0-D116-4A04-86F9-1B4F31D908D2}.Debug|x86.Build.0 = Debug|Any CPU
		{AEC971C0-D116-4A04-86F9-1B4F31D908D2}.Release|Any CPU.ActiveCfg = Release|Any CPU
		{AEC971C0-D116-4A04-86F9-1B4F31D908D2}.Release|Any CPU.Build.0 = Release|Any CPU
		{AEC971C0-D116-4A04-86F9-1B4F31D908D2}.Release|x64.ActiveCfg = Release|Any CPU
		{AEC971C0-D116-4A04-86F9-1B4F31D908D2}.Release|x64.Build.0 = Release|Any CPU
		{AEC971C0-D116-4A04-86F9-1B4F31D908D2}.Release|x86.ActiveCfg = Release|Any CPU
		{AEC971C0-D116-4A04-86F9-1B4F31D908D2}.Release|x86.Build.0 = Release|Any CPU
		{492FA30E-FB06-440A-8443-58D126E47342}.Debug|Any CPU.ActiveCfg = Debug|Any CPU
		{492FA30E-FB06-440A-8443-58D126E47342}.Debug|Any CPU.Build.0 = Debug|Any CPU
		{492FA30E-FB06-440A-8443-58D126E47342}.Debug|x64.ActiveCfg = Debug|Any CPU
		{492FA30E-FB06-440A-8443-58D126E47342}.Debug|x64.Build.0 = Debug|Any CPU
		{492FA30E-FB06-440A-8443-58D126E47342}.Debug|x86.ActiveCfg = Debug|Any CPU
		{492FA30E-FB06-440A-8443-58D126E47342}.Debug|x86.Build.0 = Debug|Any CPU
		{492FA30E-FB06-440A-8443-58D126E47342}.Release|Any CPU.ActiveCfg = Release|Any CPU
		{492FA30E-FB06-440A-8443-58D126E47342}.Release|Any CPU.Build.0 = Release|Any CPU
		{492FA30E-FB06-440A-8443-58D126E47342}.Release|x64.ActiveCfg = Release|Any CPU
		{492FA30E-FB06-440A-8443-58D126E47342}.Release|x64.Build.0 = Release|Any CPU
		{492FA30E-FB06-440A-8443-58D126E47342}.Release|x86.ActiveCfg = Release|Any CPU
		{492FA30E-FB06-440A-8443-58D126E47342}.Release|x86.Build.0 = Release|Any CPU
		{D886E00B-6896-4C98-BCF6-5B76928DD380}.Debug|Any CPU.ActiveCfg = Debug|Any CPU
		{D886E00B-6896-4C98-BCF6-5B76928DD380}.Debug|Any CPU.Build.0 = Debug|Any CPU
		{D886E00B-6896-4C98-BCF6-5B76928DD380}.Debug|x64.ActiveCfg = Debug|Any CPU
		{D886E00B-6896-4C98-BCF6-5B76928DD380}.Debug|x64.Build.0 = Debug|Any CPU
		{D886E00B-6896-4C98-BCF6-5B76928DD380}.Debug|x86.ActiveCfg = Debug|Any CPU
		{D886E00B-6896-4C98-BCF6-5B76928DD380}.Debug|x86.Build.0 = Debug|Any CPU
		{D886E00B-6896-4C98-BCF6-5B76928DD380}.Release|Any CPU.ActiveCfg = Release|Any CPU
		{D886E00B-6896-4C98-BCF6-5B76928DD380}.Release|Any CPU.Build.0 = Release|Any CPU
		{D886E00B-6896-4C98-BCF6-5B76928DD380}.Release|x64.ActiveCfg = Release|Any CPU
		{D886E00B-6896-4C98-BCF6-5B76928DD380}.Release|x64.Build.0 = Release|Any CPU
		{D886E00B-6896-4C98-BCF6-5B76928DD380}.Release|x86.ActiveCfg = Release|Any CPU
		{D886E00B-6896-4C98-BCF6-5B76928DD380}.Release|x86.Build.0 = Release|Any CPU
		{0597C6FA-B3A3-41B7-BF76-2E45BADD5AF0}.Debug|Any CPU.ActiveCfg = Debug|Any CPU
		{0597C6FA-B3A3-41B7-BF76-2E45BADD5AF0}.Debug|Any CPU.Build.0 = Debug|Any CPU
		{0597C6FA-B3A3-41B7-BF76-2E45BADD5AF0}.Debug|x64.ActiveCfg = Debug|Any CPU
		{0597C6FA-B3A3-41B7-BF76-2E45BADD5AF0}.Debug|x64.Build.0 = Debug|Any CPU
		{0597C6FA-B3A3-41B7-BF76-2E45BADD5AF0}.Debug|x86.ActiveCfg = Debug|Any CPU
		{0597C6FA-B3A3-41B7-BF76-2E45BADD5AF0}.Debug|x86.Build.0 = Debug|Any CPU
		{0597C6FA-B3A3-41B7-BF76-2E45BADD5AF0}.Release|Any CPU.ActiveCfg = Release|Any CPU
		{0597C6FA-B3A3-41B7-BF76-2E45BADD5AF0}.Release|Any CPU.Build.0 = Release|Any CPU
		{0597C6FA-B3A3-41B7-BF76-2E45BADD5AF0}.Release|x64.ActiveCfg = Release|Any CPU
		{0597C6FA-B3A3-41B7-BF76-2E45BADD5AF0}.Release|x64.Build.0 = Release|Any CPU
		{0597C6FA-B3A3-41B7-BF76-2E45BADD5AF0}.Release|x86.ActiveCfg = Release|Any CPU
		{0597C6FA-B3A3-41B7-BF76-2E45BADD5AF0}.Release|x86.Build.0 = Release|Any CPU
		{F18FA882-F975-4B37-8F2C-A0E43447C9DF}.Debug|Any CPU.ActiveCfg = Debug|x64
		{F18FA882-F975-4B37-8F2C-A0E43447C9DF}.Debug|Any CPU.Build.0 = Debug|x64
		{F18FA882-F975-4B37-8F2C-A0E43447C9DF}.Debug|x64.ActiveCfg = Debug|x64
		{F18FA882-F975-4B37-8F2C-A0E43447C9DF}.Debug|x64.Build.0 = Debug|x64
		{F18FA882-F975-4B37-8F2C-A0E43447C9DF}.Debug|x86.ActiveCfg = Debug|x64
		{F18FA882-F975-4B37-8F2C-A0E43447C9DF}.Debug|x86.Build.0 = Debug|x64
		{F18FA882-F975-4B37-8F2C-A0E43447C9DF}.Release|Any CPU.ActiveCfg = Release|x64
		{F18FA882-F975-4B37-8F2C-A0E43447C9DF}.Release|Any CPU.Build.0 = Release|x64
		{F18FA882-F975-4B37-8F2C-A0E43447C9DF}.Release|x64.ActiveCfg = Release|x64
		{F18FA882-F975-4B37-8F2C-A0E43447C9DF}.Release|x64.Build.0 = Release|x64
		{F18FA882-F975-4B37-8F2C-A0E43447C9DF}.Release|x86.ActiveCfg = Release|x64
		{F18FA882-F975-4B37-8F2C-A0E43447C9DF}.Release|x86.Build.0 = Release|x64
		{5AE8C341-077C-4466-8AB3-8D962DF3DFCD}.Debug|Any CPU.ActiveCfg = Debug|x64
		{5AE8C341-077C-4466-8AB3-8D962DF3DFCD}.Debug|Any CPU.Build.0 = Debug|x64
		{5AE8C341-077C-4466-8AB3-8D962DF3DFCD}.Debug|x64.ActiveCfg = Debug|x64
		{5AE8C341-077C-4466-8AB3-8D962DF3DFCD}.Debug|x64.Build.0 = Debug|x64
		{5AE8C341-077C-4466-8AB3-8D962DF3DFCD}.Debug|x86.ActiveCfg = Debug|x64
		{5AE8C341-077C-4466-8AB3-8D962DF3DFCD}.Debug|x86.Build.0 = Debug|x64
		{5AE8C341-077C-4466-8AB3-8D962DF3DFCD}.Release|Any CPU.ActiveCfg = Release|x64
		{5AE8C341-077C-4466-8AB3-8D962DF3DFCD}.Release|Any CPU.Build.0 = Release|x64
		{5AE8C341-077C-4466-8AB3-8D962DF3DFCD}.Release|x64.ActiveCfg = Release|x64
		{5AE8C341-077C-4466-8AB3-8D962DF3DFCD}.Release|x64.Build.0 = Release|x64
		{5AE8C341-077C-4466-8AB3-8D962DF3DFCD}.Release|x86.ActiveCfg = Release|x64
		{5AE8C341-077C-4466-8AB3-8D962DF3DFCD}.Release|x86.Build.0 = Release|x64
		{FDAEC769-82F4-4862-91DE-5FD278E56E9D}.Debug|Any CPU.ActiveCfg = Debug|Any CPU
		{FDAEC769-82F4-4862-91DE-5FD278E56E9D}.Debug|Any CPU.Build.0 = Debug|Any CPU
		{FDAEC769-82F4-4862-91DE-5FD278E56E9D}.Debug|x64.ActiveCfg = Debug|Any CPU
		{FDAEC769-82F4-4862-91DE-5FD278E56E9D}.Debug|x64.Build.0 = Debug|Any CPU
		{FDAEC769-82F4-4862-91DE-5FD278E56E9D}.Debug|x86.ActiveCfg = Debug|Any CPU
		{FDAEC769-82F4-4862-91DE-5FD278E56E9D}.Debug|x86.Build.0 = Debug|Any CPU
		{FDAEC769-82F4-4862-91DE-5FD278E56E9D}.Release|Any CPU.ActiveCfg = Release|Any CPU
		{FDAEC769-82F4-4862-91DE-5FD278E56E9D}.Release|Any CPU.Build.0 = Release|Any CPU
		{FDAEC769-82F4-4862-91DE-5FD278E56E9D}.Release|x64.ActiveCfg = Release|Any CPU
		{FDAEC769-82F4-4862-91DE-5FD278E56E9D}.Release|x64.Build.0 = Release|Any CPU
		{FDAEC769-82F4-4862-91DE-5FD278E56E9D}.Release|x86.ActiveCfg = Release|Any CPU
		{FDAEC769-82F4-4862-91DE-5FD278E56E9D}.Release|x86.Build.0 = Release|Any CPU
		{98D90B7F-46C8-47D6-A059-837FDB69D2B4}.Debug|Any CPU.ActiveCfg = Debug|Any CPU
		{98D90B7F-46C8-47D6-A059-837FDB69D2B4}.Debug|Any CPU.Build.0 = Debug|Any CPU
		{98D90B7F-46C8-47D6-A059-837FDB69D2B4}.Debug|x64.ActiveCfg = Debug|Any CPU
		{98D90B7F-46C8-47D6-A059-837FDB69D2B4}.Debug|x64.Build.0 = Debug|Any CPU
		{98D90B7F-46C8-47D6-A059-837FDB69D2B4}.Debug|x86.ActiveCfg = Debug|Any CPU
		{98D90B7F-46C8-47D6-A059-837FDB69D2B4}.Debug|x86.Build.0 = Debug|Any CPU
		{98D90B7F-46C8-47D6-A059-837FDB69D2B4}.Release|Any CPU.ActiveCfg = Release|Any CPU
		{98D90B7F-46C8-47D6-A059-837FDB69D2B4}.Release|Any CPU.Build.0 = Release|Any CPU
		{98D90B7F-46C8-47D6-A059-837FDB69D2B4}.Release|x64.ActiveCfg = Release|Any CPU
		{98D90B7F-46C8-47D6-A059-837FDB69D2B4}.Release|x64.Build.0 = Release|Any CPU
		{98D90B7F-46C8-47D6-A059-837FDB69D2B4}.Release|x86.ActiveCfg = Release|Any CPU
		{98D90B7F-46C8-47D6-A059-837FDB69D2B4}.Release|x86.Build.0 = Release|Any CPU
		{A07EE215-D6E1-41B6-ACCF-2EB85126CB23}.Debug|Any CPU.ActiveCfg = Debug|Any CPU
		{A07EE215-D6E1-41B6-ACCF-2EB85126CB23}.Debug|Any CPU.Build.0 = Debug|Any CPU
		{A07EE215-D6E1-41B6-ACCF-2EB85126CB23}.Debug|x64.ActiveCfg = Debug|Any CPU
		{A07EE215-D6E1-41B6-ACCF-2EB85126CB23}.Debug|x64.Build.0 = Debug|Any CPU
		{A07EE215-D6E1-41B6-ACCF-2EB85126CB23}.Debug|x86.ActiveCfg = Debug|Any CPU
		{A07EE215-D6E1-41B6-ACCF-2EB85126CB23}.Debug|x86.Build.0 = Debug|Any CPU
		{A07EE215-D6E1-41B6-ACCF-2EB85126CB23}.Release|Any CPU.ActiveCfg = Release|Any CPU
		{A07EE215-D6E1-41B6-ACCF-2EB85126CB23}.Release|Any CPU.Build.0 = Release|Any CPU
		{A07EE215-D6E1-41B6-ACCF-2EB85126CB23}.Release|x64.ActiveCfg = Release|Any CPU
		{A07EE215-D6E1-41B6-ACCF-2EB85126CB23}.Release|x64.Build.0 = Release|Any CPU
		{A07EE215-D6E1-41B6-ACCF-2EB85126CB23}.Release|x86.ActiveCfg = Release|Any CPU
		{A07EE215-D6E1-41B6-ACCF-2EB85126CB23}.Release|x86.Build.0 = Release|Any CPU
		{F492CBB2-7514-48CE-9CEB-6803F251106F}.Debug|Any CPU.ActiveCfg = Debug|Any CPU
		{F492CBB2-7514-48CE-9CEB-6803F251106F}.Debug|Any CPU.Build.0 = Debug|Any CPU
		{F492CBB2-7514-48CE-9CEB-6803F251106F}.Debug|x64.ActiveCfg = Debug|Any CPU
		{F492CBB2-7514-48CE-9CEB-6803F251106F}.Debug|x64.Build.0 = Debug|Any CPU
		{F492CBB2-7514-48CE-9CEB-6803F251106F}.Debug|x86.ActiveCfg = Debug|Any CPU
		{F492CBB2-7514-48CE-9CEB-6803F251106F}.Debug|x86.Build.0 = Debug|Any CPU
		{F492CBB2-7514-48CE-9CEB-6803F251106F}.Release|Any CPU.ActiveCfg = Release|Any CPU
		{F492CBB2-7514-48CE-9CEB-6803F251106F}.Release|Any CPU.Build.0 = Release|Any CPU
		{F492CBB2-7514-48CE-9CEB-6803F251106F}.Release|x64.ActiveCfg = Release|Any CPU
		{F492CBB2-7514-48CE-9CEB-6803F251106F}.Release|x64.Build.0 = Release|Any CPU
		{F492CBB2-7514-48CE-9CEB-6803F251106F}.Release|x86.ActiveCfg = Release|Any CPU
		{F492CBB2-7514-48CE-9CEB-6803F251106F}.Release|x86.Build.0 = Release|Any CPU
		{94D00FE0-DF02-4B01-81C7-7F51DD349119}.Debug|Any CPU.ActiveCfg = Debug|Any CPU
		{94D00FE0-DF02-4B01-81C7-7F51DD349119}.Debug|Any CPU.Build.0 = Debug|Any CPU
		{94D00FE0-DF02-4B01-81C7-7F51DD349119}.Debug|x64.ActiveCfg = Debug|Any CPU
		{94D00FE0-DF02-4B01-81C7-7F51DD349119}.Debug|x64.Build.0 = Debug|Any CPU
		{94D00FE0-DF02-4B01-81C7-7F51DD349119}.Debug|x86.ActiveCfg = Debug|Any CPU
		{94D00FE0-DF02-4B01-81C7-7F51DD349119}.Debug|x86.Build.0 = Debug|Any CPU
		{94D00FE0-DF02-4B01-81C7-7F51DD349119}.Release|Any CPU.ActiveCfg = Release|Any CPU
		{94D00FE0-DF02-4B01-81C7-7F51DD349119}.Release|Any CPU.Build.0 = Release|Any CPU
		{94D00FE0-DF02-4B01-81C7-7F51DD349119}.Release|x64.ActiveCfg = Release|Any CPU
		{94D00FE0-DF02-4B01-81C7-7F51DD349119}.Release|x64.Build.0 = Release|Any CPU
		{94D00FE0-DF02-4B01-81C7-7F51DD349119}.Release|x86.ActiveCfg = Release|Any CPU
		{94D00FE0-DF02-4B01-81C7-7F51DD349119}.Release|x86.Build.0 = Release|Any CPU
		{C3964B20-024A-47A7-9EB1-4223DDDB49FD}.Debug|Any CPU.ActiveCfg = Debug|Any CPU
		{C3964B20-024A-47A7-9EB1-4223DDDB49FD}.Debug|Any CPU.Build.0 = Debug|Any CPU
		{C3964B20-024A-47A7-9EB1-4223DDDB49FD}.Debug|x64.ActiveCfg = Debug|Any CPU
		{C3964B20-024A-47A7-9EB1-4223DDDB49FD}.Debug|x64.Build.0 = Debug|Any CPU
		{C3964B20-024A-47A7-9EB1-4223DDDB49FD}.Debug|x86.ActiveCfg = Debug|Any CPU
		{C3964B20-024A-47A7-9EB1-4223DDDB49FD}.Debug|x86.Build.0 = Debug|Any CPU
		{C3964B20-024A-47A7-9EB1-4223DDDB49FD}.Release|Any CPU.ActiveCfg = Release|Any CPU
		{C3964B20-024A-47A7-9EB1-4223DDDB49FD}.Release|Any CPU.Build.0 = Release|Any CPU
		{C3964B20-024A-47A7-9EB1-4223DDDB49FD}.Release|x64.ActiveCfg = Release|Any CPU
		{C3964B20-024A-47A7-9EB1-4223DDDB49FD}.Release|x64.Build.0 = Release|Any CPU
		{C3964B20-024A-47A7-9EB1-4223DDDB49FD}.Release|x86.ActiveCfg = Release|Any CPU
		{C3964B20-024A-47A7-9EB1-4223DDDB49FD}.Release|x86.Build.0 = Release|Any CPU
		{73CEFB34-8438-40A5-8F9A-C20624FAB190}.Debug|Any CPU.ActiveCfg = Debug|Any CPU
		{73CEFB34-8438-40A5-8F9A-C20624FAB190}.Debug|Any CPU.Build.0 = Debug|Any CPU
		{73CEFB34-8438-40A5-8F9A-C20624FAB190}.Debug|x64.ActiveCfg = Debug|Any CPU
		{73CEFB34-8438-40A5-8F9A-C20624FAB190}.Debug|x64.Build.0 = Debug|Any CPU
		{73CEFB34-8438-40A5-8F9A-C20624FAB190}.Debug|x86.ActiveCfg = Debug|Any CPU
		{73CEFB34-8438-40A5-8F9A-C20624FAB190}.Debug|x86.Build.0 = Debug|Any CPU
		{73CEFB34-8438-40A5-8F9A-C20624FAB190}.Release|Any CPU.ActiveCfg = Release|Any CPU
		{73CEFB34-8438-40A5-8F9A-C20624FAB190}.Release|Any CPU.Build.0 = Release|Any CPU
		{73CEFB34-8438-40A5-8F9A-C20624FAB190}.Release|x64.ActiveCfg = Release|Any CPU
		{73CEFB34-8438-40A5-8F9A-C20624FAB190}.Release|x64.Build.0 = Release|Any CPU
		{73CEFB34-8438-40A5-8F9A-C20624FAB190}.Release|x86.ActiveCfg = Release|Any CPU
		{73CEFB34-8438-40A5-8F9A-C20624FAB190}.Release|x86.Build.0 = Release|Any CPU
		{34EA139A-8E81-4354-B32A-2CCBF77E5834}.Debug|Any CPU.ActiveCfg = Debug|Any CPU
		{34EA139A-8E81-4354-B32A-2CCBF77E5834}.Debug|Any CPU.Build.0 = Debug|Any CPU
		{34EA139A-8E81-4354-B32A-2CCBF77E5834}.Debug|x64.ActiveCfg = Debug|Any CPU
		{34EA139A-8E81-4354-B32A-2CCBF77E5834}.Debug|x64.Build.0 = Debug|Any CPU
		{34EA139A-8E81-4354-B32A-2CCBF77E5834}.Debug|x86.ActiveCfg = Debug|Any CPU
		{34EA139A-8E81-4354-B32A-2CCBF77E5834}.Debug|x86.Build.0 = Debug|Any CPU
		{34EA139A-8E81-4354-B32A-2CCBF77E5834}.Release|Any CPU.ActiveCfg = Release|Any CPU
		{34EA139A-8E81-4354-B32A-2CCBF77E5834}.Release|Any CPU.Build.0 = Release|Any CPU
		{34EA139A-8E81-4354-B32A-2CCBF77E5834}.Release|x64.ActiveCfg = Release|Any CPU
		{34EA139A-8E81-4354-B32A-2CCBF77E5834}.Release|x64.Build.0 = Release|Any CPU
		{34EA139A-8E81-4354-B32A-2CCBF77E5834}.Release|x86.ActiveCfg = Release|Any CPU
		{34EA139A-8E81-4354-B32A-2CCBF77E5834}.Release|x86.Build.0 = Release|Any CPU
		{63D8F9A6-E59F-4529-A678-227070AD3A61}.Debug|Any CPU.ActiveCfg = Debug|Any CPU
		{63D8F9A6-E59F-4529-A678-227070AD3A61}.Debug|Any CPU.Build.0 = Debug|Any CPU
		{63D8F9A6-E59F-4529-A678-227070AD3A61}.Debug|x64.ActiveCfg = Debug|Any CPU
		{63D8F9A6-E59F-4529-A678-227070AD3A61}.Debug|x64.Build.0 = Debug|Any CPU
		{63D8F9A6-E59F-4529-A678-227070AD3A61}.Debug|x86.ActiveCfg = Debug|Any CPU
		{63D8F9A6-E59F-4529-A678-227070AD3A61}.Debug|x86.Build.0 = Debug|Any CPU
		{63D8F9A6-E59F-4529-A678-227070AD3A61}.Release|Any CPU.ActiveCfg = Release|Any CPU
		{63D8F9A6-E59F-4529-A678-227070AD3A61}.Release|Any CPU.Build.0 = Release|Any CPU
		{63D8F9A6-E59F-4529-A678-227070AD3A61}.Release|x64.ActiveCfg = Release|Any CPU
		{63D8F9A6-E59F-4529-A678-227070AD3A61}.Release|x64.Build.0 = Release|Any CPU
		{63D8F9A6-E59F-4529-A678-227070AD3A61}.Release|x86.ActiveCfg = Release|Any CPU
		{63D8F9A6-E59F-4529-A678-227070AD3A61}.Release|x86.Build.0 = Release|Any CPU
		{E431FF86-51CE-4624-B100-FA0E44E5D88B}.Debug|Any CPU.ActiveCfg = Debug|Any CPU
		{E431FF86-51CE-4624-B100-FA0E44E5D88B}.Debug|Any CPU.Build.0 = Debug|Any CPU
		{E431FF86-51CE-4624-B100-FA0E44E5D88B}.Debug|x64.ActiveCfg = Debug|Any CPU
		{E431FF86-51CE-4624-B100-FA0E44E5D88B}.Debug|x64.Build.0 = Debug|Any CPU
		{E431FF86-51CE-4624-B100-FA0E44E5D88B}.Debug|x86.ActiveCfg = Debug|Any CPU
		{E431FF86-51CE-4624-B100-FA0E44E5D88B}.Debug|x86.Build.0 = Debug|Any CPU
		{E431FF86-51CE-4624-B100-FA0E44E5D88B}.Release|Any CPU.ActiveCfg = Release|Any CPU
		{E431FF86-51CE-4624-B100-FA0E44E5D88B}.Release|Any CPU.Build.0 = Release|Any CPU
		{E431FF86-51CE-4624-B100-FA0E44E5D88B}.Release|x64.ActiveCfg = Release|Any CPU
		{E431FF86-51CE-4624-B100-FA0E44E5D88B}.Release|x64.Build.0 = Release|Any CPU
		{E431FF86-51CE-4624-B100-FA0E44E5D88B}.Release|x86.ActiveCfg = Release|Any CPU
		{E431FF86-51CE-4624-B100-FA0E44E5D88B}.Release|x86.Build.0 = Release|Any CPU
		{7FAFF50C-80D0-4844-825C-45A8AD21774C}.Debug|Any CPU.ActiveCfg = Debug|Any CPU
		{7FAFF50C-80D0-4844-825C-45A8AD21774C}.Debug|Any CPU.Build.0 = Debug|Any CPU
		{7FAFF50C-80D0-4844-825C-45A8AD21774C}.Debug|x64.ActiveCfg = Debug|Any CPU
		{7FAFF50C-80D0-4844-825C-45A8AD21774C}.Debug|x64.Build.0 = Debug|Any CPU
		{7FAFF50C-80D0-4844-825C-45A8AD21774C}.Debug|x86.ActiveCfg = Debug|Any CPU
		{7FAFF50C-80D0-4844-825C-45A8AD21774C}.Debug|x86.Build.0 = Debug|Any CPU
		{7FAFF50C-80D0-4844-825C-45A8AD21774C}.Release|Any CPU.ActiveCfg = Release|Any CPU
		{7FAFF50C-80D0-4844-825C-45A8AD21774C}.Release|Any CPU.Build.0 = Release|Any CPU
		{7FAFF50C-80D0-4844-825C-45A8AD21774C}.Release|x64.ActiveCfg = Release|Any CPU
		{7FAFF50C-80D0-4844-825C-45A8AD21774C}.Release|x64.Build.0 = Release|Any CPU
		{7FAFF50C-80D0-4844-825C-45A8AD21774C}.Release|x86.ActiveCfg = Release|Any CPU
		{7FAFF50C-80D0-4844-825C-45A8AD21774C}.Release|x86.Build.0 = Release|Any CPU
		{2856DA94-422C-424A-89EB-A0E206E68703}.Debug|Any CPU.ActiveCfg = Debug|Any CPU
		{2856DA94-422C-424A-89EB-A0E206E68703}.Debug|Any CPU.Build.0 = Debug|Any CPU
		{2856DA94-422C-424A-89EB-A0E206E68703}.Debug|x64.ActiveCfg = Debug|Any CPU
		{2856DA94-422C-424A-89EB-A0E206E68703}.Debug|x64.Build.0 = Debug|Any CPU
		{2856DA94-422C-424A-89EB-A0E206E68703}.Debug|x86.ActiveCfg = Debug|Any CPU
		{2856DA94-422C-424A-89EB-A0E206E68703}.Debug|x86.Build.0 = Debug|Any CPU
		{2856DA94-422C-424A-89EB-A0E206E68703}.Release|Any CPU.ActiveCfg = Release|Any CPU
		{2856DA94-422C-424A-89EB-A0E206E68703}.Release|Any CPU.Build.0 = Release|Any CPU
		{2856DA94-422C-424A-89EB-A0E206E68703}.Release|x64.ActiveCfg = Release|Any CPU
		{2856DA94-422C-424A-89EB-A0E206E68703}.Release|x64.Build.0 = Release|Any CPU
		{2856DA94-422C-424A-89EB-A0E206E68703}.Release|x86.ActiveCfg = Release|Any CPU
		{2856DA94-422C-424A-89EB-A0E206E68703}.Release|x86.Build.0 = Release|Any CPU
		{9E40FFA0-B9C2-46A0-B9C6-F485E3ECDFD9}.Debug|Any CPU.ActiveCfg = Debug|Any CPU
		{9E40FFA0-B9C2-46A0-B9C6-F485E3ECDFD9}.Debug|Any CPU.Build.0 = Debug|Any CPU
		{9E40FFA0-B9C2-46A0-B9C6-F485E3ECDFD9}.Debug|x64.ActiveCfg = Debug|Any CPU
		{9E40FFA0-B9C2-46A0-B9C6-F485E3ECDFD9}.Debug|x64.Build.0 = Debug|Any CPU
		{9E40FFA0-B9C2-46A0-B9C6-F485E3ECDFD9}.Debug|x86.ActiveCfg = Debug|Any CPU
		{9E40FFA0-B9C2-46A0-B9C6-F485E3ECDFD9}.Debug|x86.Build.0 = Debug|Any CPU
		{9E40FFA0-B9C2-46A0-B9C6-F485E3ECDFD9}.Release|Any CPU.ActiveCfg = Release|Any CPU
		{9E40FFA0-B9C2-46A0-B9C6-F485E3ECDFD9}.Release|Any CPU.Build.0 = Release|Any CPU
		{9E40FFA0-B9C2-46A0-B9C6-F485E3ECDFD9}.Release|x64.ActiveCfg = Release|Any CPU
		{9E40FFA0-B9C2-46A0-B9C6-F485E3ECDFD9}.Release|x64.Build.0 = Release|Any CPU
		{9E40FFA0-B9C2-46A0-B9C6-F485E3ECDFD9}.Release|x86.ActiveCfg = Release|Any CPU
		{9E40FFA0-B9C2-46A0-B9C6-F485E3ECDFD9}.Release|x86.Build.0 = Release|Any CPU
		{67C5812D-AF28-4275-A300-6FB2D95F8247}.Debug|Any CPU.ActiveCfg = Debug|Any CPU
		{67C5812D-AF28-4275-A300-6FB2D95F8247}.Debug|Any CPU.Build.0 = Debug|Any CPU
		{67C5812D-AF28-4275-A300-6FB2D95F8247}.Debug|x64.ActiveCfg = Debug|Any CPU
		{67C5812D-AF28-4275-A300-6FB2D95F8247}.Debug|x64.Build.0 = Debug|Any CPU
		{67C5812D-AF28-4275-A300-6FB2D95F8247}.Debug|x86.ActiveCfg = Debug|Any CPU
		{67C5812D-AF28-4275-A300-6FB2D95F8247}.Debug|x86.Build.0 = Debug|Any CPU
		{67C5812D-AF28-4275-A300-6FB2D95F8247}.Release|Any CPU.ActiveCfg = Release|Any CPU
		{67C5812D-AF28-4275-A300-6FB2D95F8247}.Release|Any CPU.Build.0 = Release|Any CPU
		{67C5812D-AF28-4275-A300-6FB2D95F8247}.Release|x64.ActiveCfg = Release|Any CPU
		{67C5812D-AF28-4275-A300-6FB2D95F8247}.Release|x64.Build.0 = Release|Any CPU
		{67C5812D-AF28-4275-A300-6FB2D95F8247}.Release|x86.ActiveCfg = Release|Any CPU
		{67C5812D-AF28-4275-A300-6FB2D95F8247}.Release|x86.Build.0 = Release|Any CPU
		{85AD62F1-C2A1-4CF5-AAAE-98465DF7F9C0}.Debug|Any CPU.ActiveCfg = Debug|Any CPU
		{85AD62F1-C2A1-4CF5-AAAE-98465DF7F9C0}.Debug|Any CPU.Build.0 = Debug|Any CPU
		{85AD62F1-C2A1-4CF5-AAAE-98465DF7F9C0}.Debug|x64.ActiveCfg = Debug|Any CPU
		{85AD62F1-C2A1-4CF5-AAAE-98465DF7F9C0}.Debug|x64.Build.0 = Debug|Any CPU
		{85AD62F1-C2A1-4CF5-AAAE-98465DF7F9C0}.Debug|x86.ActiveCfg = Debug|Any CPU
		{85AD62F1-C2A1-4CF5-AAAE-98465DF7F9C0}.Debug|x86.Build.0 = Debug|Any CPU
		{85AD62F1-C2A1-4CF5-AAAE-98465DF7F9C0}.Release|Any CPU.ActiveCfg = Release|Any CPU
		{85AD62F1-C2A1-4CF5-AAAE-98465DF7F9C0}.Release|Any CPU.Build.0 = Release|Any CPU
		{85AD62F1-C2A1-4CF5-AAAE-98465DF7F9C0}.Release|x64.ActiveCfg = Release|Any CPU
		{85AD62F1-C2A1-4CF5-AAAE-98465DF7F9C0}.Release|x64.Build.0 = Release|Any CPU
		{85AD62F1-C2A1-4CF5-AAAE-98465DF7F9C0}.Release|x86.ActiveCfg = Release|Any CPU
		{85AD62F1-C2A1-4CF5-AAAE-98465DF7F9C0}.Release|x86.Build.0 = Release|Any CPU
		{47D6A9FE-0F25-4F94-917E-5C945FD96CCC}.Debug|Any CPU.ActiveCfg = Debug|Any CPU
		{47D6A9FE-0F25-4F94-917E-5C945FD96CCC}.Debug|Any CPU.Build.0 = Debug|Any CPU
		{47D6A9FE-0F25-4F94-917E-5C945FD96CCC}.Debug|x64.ActiveCfg = Debug|Any CPU
		{47D6A9FE-0F25-4F94-917E-5C945FD96CCC}.Debug|x64.Build.0 = Debug|Any CPU
		{47D6A9FE-0F25-4F94-917E-5C945FD96CCC}.Debug|x86.ActiveCfg = Debug|Any CPU
		{47D6A9FE-0F25-4F94-917E-5C945FD96CCC}.Debug|x86.Build.0 = Debug|Any CPU
		{47D6A9FE-0F25-4F94-917E-5C945FD96CCC}.Release|Any CPU.ActiveCfg = Release|Any CPU
		{47D6A9FE-0F25-4F94-917E-5C945FD96CCC}.Release|Any CPU.Build.0 = Release|Any CPU
		{47D6A9FE-0F25-4F94-917E-5C945FD96CCC}.Release|x64.ActiveCfg = Release|Any CPU
		{47D6A9FE-0F25-4F94-917E-5C945FD96CCC}.Release|x64.Build.0 = Release|Any CPU
		{47D6A9FE-0F25-4F94-917E-5C945FD96CCC}.Release|x86.ActiveCfg = Release|Any CPU
		{47D6A9FE-0F25-4F94-917E-5C945FD96CCC}.Release|x86.Build.0 = Release|Any CPU
		{3405C6DB-258C-40F4-91CE-88564DC3CFCD}.Debug|Any CPU.ActiveCfg = Debug|Any CPU
		{3405C6DB-258C-40F4-91CE-88564DC3CFCD}.Debug|Any CPU.Build.0 = Debug|Any CPU
		{3405C6DB-258C-40F4-91CE-88564DC3CFCD}.Debug|x64.ActiveCfg = Debug|Any CPU
		{3405C6DB-258C-40F4-91CE-88564DC3CFCD}.Debug|x64.Build.0 = Debug|Any CPU
		{3405C6DB-258C-40F4-91CE-88564DC3CFCD}.Debug|x86.ActiveCfg = Debug|Any CPU
		{3405C6DB-258C-40F4-91CE-88564DC3CFCD}.Debug|x86.Build.0 = Debug|Any CPU
		{3405C6DB-258C-40F4-91CE-88564DC3CFCD}.Release|Any CPU.ActiveCfg = Release|Any CPU
		{3405C6DB-258C-40F4-91CE-88564DC3CFCD}.Release|Any CPU.Build.0 = Release|Any CPU
		{3405C6DB-258C-40F4-91CE-88564DC3CFCD}.Release|x64.ActiveCfg = Release|Any CPU
		{3405C6DB-258C-40F4-91CE-88564DC3CFCD}.Release|x64.Build.0 = Release|Any CPU
		{3405C6DB-258C-40F4-91CE-88564DC3CFCD}.Release|x86.ActiveCfg = Release|Any CPU
		{3405C6DB-258C-40F4-91CE-88564DC3CFCD}.Release|x86.Build.0 = Release|Any CPU
		{6A65EA8A-C589-46E3-B921-8CB1B632A042}.Debug|Any CPU.ActiveCfg = Debug|Any CPU
		{6A65EA8A-C589-46E3-B921-8CB1B632A042}.Debug|Any CPU.Build.0 = Debug|Any CPU
		{6A65EA8A-C589-46E3-B921-8CB1B632A042}.Debug|x64.ActiveCfg = Debug|Any CPU
		{6A65EA8A-C589-46E3-B921-8CB1B632A042}.Debug|x64.Build.0 = Debug|Any CPU
		{6A65EA8A-C589-46E3-B921-8CB1B632A042}.Debug|x86.ActiveCfg = Debug|Any CPU
		{6A65EA8A-C589-46E3-B921-8CB1B632A042}.Debug|x86.Build.0 = Debug|Any CPU
		{6A65EA8A-C589-46E3-B921-8CB1B632A042}.Release|Any CPU.ActiveCfg = Release|Any CPU
		{6A65EA8A-C589-46E3-B921-8CB1B632A042}.Release|Any CPU.Build.0 = Release|Any CPU
		{6A65EA8A-C589-46E3-B921-8CB1B632A042}.Release|x64.ActiveCfg = Release|Any CPU
		{6A65EA8A-C589-46E3-B921-8CB1B632A042}.Release|x64.Build.0 = Release|Any CPU
		{6A65EA8A-C589-46E3-B921-8CB1B632A042}.Release|x86.ActiveCfg = Release|Any CPU
		{6A65EA8A-C589-46E3-B921-8CB1B632A042}.Release|x86.Build.0 = Release|Any CPU
		{1FD8F81E-A112-489B-9735-ED1A23EFF252}.Debug|Any CPU.ActiveCfg = Debug|Any CPU
		{1FD8F81E-A112-489B-9735-ED1A23EFF252}.Debug|Any CPU.Build.0 = Debug|Any CPU
		{1FD8F81E-A112-489B-9735-ED1A23EFF252}.Debug|x64.ActiveCfg = Debug|Any CPU
		{1FD8F81E-A112-489B-9735-ED1A23EFF252}.Debug|x64.Build.0 = Debug|Any CPU
		{1FD8F81E-A112-489B-9735-ED1A23EFF252}.Debug|x86.ActiveCfg = Debug|Any CPU
		{1FD8F81E-A112-489B-9735-ED1A23EFF252}.Debug|x86.Build.0 = Debug|Any CPU
		{1FD8F81E-A112-489B-9735-ED1A23EFF252}.Release|Any CPU.ActiveCfg = Release|Any CPU
		{1FD8F81E-A112-489B-9735-ED1A23EFF252}.Release|Any CPU.Build.0 = Release|Any CPU
		{1FD8F81E-A112-489B-9735-ED1A23EFF252}.Release|x64.ActiveCfg = Release|Any CPU
		{1FD8F81E-A112-489B-9735-ED1A23EFF252}.Release|x64.Build.0 = Release|Any CPU
		{1FD8F81E-A112-489B-9735-ED1A23EFF252}.Release|x86.ActiveCfg = Release|Any CPU
		{1FD8F81E-A112-489B-9735-ED1A23EFF252}.Release|x86.Build.0 = Release|Any CPU
		{83F87858-1AC9-4178-AB8E-6121D8086573}.Debug|Any CPU.ActiveCfg = Debug|Any CPU
		{83F87858-1AC9-4178-AB8E-6121D8086573}.Debug|Any CPU.Build.0 = Debug|Any CPU
		{83F87858-1AC9-4178-AB8E-6121D8086573}.Debug|x64.ActiveCfg = Debug|Any CPU
		{83F87858-1AC9-4178-AB8E-6121D8086573}.Debug|x64.Build.0 = Debug|Any CPU
		{83F87858-1AC9-4178-AB8E-6121D8086573}.Debug|x86.ActiveCfg = Debug|Any CPU
		{83F87858-1AC9-4178-AB8E-6121D8086573}.Debug|x86.Build.0 = Debug|Any CPU
		{83F87858-1AC9-4178-AB8E-6121D8086573}.Release|Any CPU.ActiveCfg = Release|Any CPU
		{83F87858-1AC9-4178-AB8E-6121D8086573}.Release|Any CPU.Build.0 = Release|Any CPU
		{83F87858-1AC9-4178-AB8E-6121D8086573}.Release|x64.ActiveCfg = Release|Any CPU
		{83F87858-1AC9-4178-AB8E-6121D8086573}.Release|x64.Build.0 = Release|Any CPU
		{83F87858-1AC9-4178-AB8E-6121D8086573}.Release|x86.ActiveCfg = Release|Any CPU
		{83F87858-1AC9-4178-AB8E-6121D8086573}.Release|x86.Build.0 = Release|Any CPU
		{91BFD8E9-F262-4D53-AE12-23B4046FF9CE}.Debug|Any CPU.ActiveCfg = Debug|Any CPU
		{91BFD8E9-F262-4D53-AE12-23B4046FF9CE}.Debug|Any CPU.Build.0 = Debug|Any CPU
		{91BFD8E9-F262-4D53-AE12-23B4046FF9CE}.Debug|x64.ActiveCfg = Debug|Any CPU
		{91BFD8E9-F262-4D53-AE12-23B4046FF9CE}.Debug|x64.Build.0 = Debug|Any CPU
		{91BFD8E9-F262-4D53-AE12-23B4046FF9CE}.Debug|x86.ActiveCfg = Debug|Any CPU
		{91BFD8E9-F262-4D53-AE12-23B4046FF9CE}.Debug|x86.Build.0 = Debug|Any CPU
		{91BFD8E9-F262-4D53-AE12-23B4046FF9CE}.Release|Any CPU.ActiveCfg = Release|Any CPU
		{91BFD8E9-F262-4D53-AE12-23B4046FF9CE}.Release|Any CPU.Build.0 = Release|Any CPU
		{91BFD8E9-F262-4D53-AE12-23B4046FF9CE}.Release|x64.ActiveCfg = Release|Any CPU
		{91BFD8E9-F262-4D53-AE12-23B4046FF9CE}.Release|x64.Build.0 = Release|Any CPU
		{91BFD8E9-F262-4D53-AE12-23B4046FF9CE}.Release|x86.ActiveCfg = Release|Any CPU
		{91BFD8E9-F262-4D53-AE12-23B4046FF9CE}.Release|x86.Build.0 = Release|Any CPU
		{5E157C30-D679-4374-9759-F74BCDC54D80}.Debug|Any CPU.ActiveCfg = Debug|Any CPU
		{5E157C30-D679-4374-9759-F74BCDC54D80}.Debug|Any CPU.Build.0 = Debug|Any CPU
		{5E157C30-D679-4374-9759-F74BCDC54D80}.Debug|x64.ActiveCfg = Debug|Any CPU
		{5E157C30-D679-4374-9759-F74BCDC54D80}.Debug|x64.Build.0 = Debug|Any CPU
		{5E157C30-D679-4374-9759-F74BCDC54D80}.Debug|x86.ActiveCfg = Debug|Any CPU
		{5E157C30-D679-4374-9759-F74BCDC54D80}.Debug|x86.Build.0 = Debug|Any CPU
		{5E157C30-D679-4374-9759-F74BCDC54D80}.Release|Any CPU.ActiveCfg = Release|Any CPU
		{5E157C30-D679-4374-9759-F74BCDC54D80}.Release|Any CPU.Build.0 = Release|Any CPU
		{5E157C30-D679-4374-9759-F74BCDC54D80}.Release|x64.ActiveCfg = Release|Any CPU
		{5E157C30-D679-4374-9759-F74BCDC54D80}.Release|x64.Build.0 = Release|Any CPU
		{5E157C30-D679-4374-9759-F74BCDC54D80}.Release|x86.ActiveCfg = Release|Any CPU
		{5E157C30-D679-4374-9759-F74BCDC54D80}.Release|x86.Build.0 = Release|Any CPU
		{EDBAF221-C9E0-4150-AC67-7C2C7E72BFBE}.Debug|Any CPU.ActiveCfg = Debug|Any CPU
		{EDBAF221-C9E0-4150-AC67-7C2C7E72BFBE}.Debug|Any CPU.Build.0 = Debug|Any CPU
		{EDBAF221-C9E0-4150-AC67-7C2C7E72BFBE}.Debug|x64.ActiveCfg = Debug|Any CPU
		{EDBAF221-C9E0-4150-AC67-7C2C7E72BFBE}.Debug|x64.Build.0 = Debug|Any CPU
		{EDBAF221-C9E0-4150-AC67-7C2C7E72BFBE}.Debug|x86.ActiveCfg = Debug|Any CPU
		{EDBAF221-C9E0-4150-AC67-7C2C7E72BFBE}.Debug|x86.Build.0 = Debug|Any CPU
		{EDBAF221-C9E0-4150-AC67-7C2C7E72BFBE}.Release|Any CPU.ActiveCfg = Release|Any CPU
		{EDBAF221-C9E0-4150-AC67-7C2C7E72BFBE}.Release|Any CPU.Build.0 = Release|Any CPU
		{EDBAF221-C9E0-4150-AC67-7C2C7E72BFBE}.Release|x64.ActiveCfg = Release|Any CPU
		{EDBAF221-C9E0-4150-AC67-7C2C7E72BFBE}.Release|x64.Build.0 = Release|Any CPU
		{EDBAF221-C9E0-4150-AC67-7C2C7E72BFBE}.Release|x86.ActiveCfg = Release|Any CPU
		{EDBAF221-C9E0-4150-AC67-7C2C7E72BFBE}.Release|x86.Build.0 = Release|Any CPU
		{81500252-52D3-41C8-ACC9-DF8D41A0648B}.Debug|Any CPU.ActiveCfg = Debug|Any CPU
		{81500252-52D3-41C8-ACC9-DF8D41A0648B}.Debug|Any CPU.Build.0 = Debug|Any CPU
		{81500252-52D3-41C8-ACC9-DF8D41A0648B}.Debug|x64.ActiveCfg = Debug|Any CPU
		{81500252-52D3-41C8-ACC9-DF8D41A0648B}.Debug|x64.Build.0 = Debug|Any CPU
		{81500252-52D3-41C8-ACC9-DF8D41A0648B}.Debug|x86.ActiveCfg = Debug|Any CPU
		{81500252-52D3-41C8-ACC9-DF8D41A0648B}.Debug|x86.Build.0 = Debug|Any CPU
		{81500252-52D3-41C8-ACC9-DF8D41A0648B}.Release|Any CPU.ActiveCfg = Release|Any CPU
		{81500252-52D3-41C8-ACC9-DF8D41A0648B}.Release|Any CPU.Build.0 = Release|Any CPU
		{81500252-52D3-41C8-ACC9-DF8D41A0648B}.Release|x64.ActiveCfg = Release|Any CPU
		{81500252-52D3-41C8-ACC9-DF8D41A0648B}.Release|x64.Build.0 = Release|Any CPU
		{81500252-52D3-41C8-ACC9-DF8D41A0648B}.Release|x86.ActiveCfg = Release|Any CPU
		{81500252-52D3-41C8-ACC9-DF8D41A0648B}.Release|x86.Build.0 = Release|Any CPU
		{2A0F443B-3178-4D5C-AE18-CD83DB3002BF}.Debug|Any CPU.ActiveCfg = Debug|Any CPU
		{2A0F443B-3178-4D5C-AE18-CD83DB3002BF}.Debug|Any CPU.Build.0 = Debug|Any CPU
		{2A0F443B-3178-4D5C-AE18-CD83DB3002BF}.Debug|x64.ActiveCfg = Debug|Any CPU
		{2A0F443B-3178-4D5C-AE18-CD83DB3002BF}.Debug|x64.Build.0 = Debug|Any CPU
		{2A0F443B-3178-4D5C-AE18-CD83DB3002BF}.Debug|x86.ActiveCfg = Debug|Any CPU
		{2A0F443B-3178-4D5C-AE18-CD83DB3002BF}.Debug|x86.Build.0 = Debug|Any CPU
		{2A0F443B-3178-4D5C-AE18-CD83DB3002BF}.Release|Any CPU.ActiveCfg = Release|Any CPU
		{2A0F443B-3178-4D5C-AE18-CD83DB3002BF}.Release|Any CPU.Build.0 = Release|Any CPU
		{2A0F443B-3178-4D5C-AE18-CD83DB3002BF}.Release|x64.ActiveCfg = Release|Any CPU
		{2A0F443B-3178-4D5C-AE18-CD83DB3002BF}.Release|x64.Build.0 = Release|Any CPU
		{2A0F443B-3178-4D5C-AE18-CD83DB3002BF}.Release|x86.ActiveCfg = Release|Any CPU
		{2A0F443B-3178-4D5C-AE18-CD83DB3002BF}.Release|x86.Build.0 = Release|Any CPU
		{38E55193-3544-4FF7-95C8-B96FB6C8ACFE}.Debug|Any CPU.ActiveCfg = Debug|Any CPU
		{38E55193-3544-4FF7-95C8-B96FB6C8ACFE}.Debug|Any CPU.Build.0 = Debug|Any CPU
		{38E55193-3544-4FF7-95C8-B96FB6C8ACFE}.Debug|x64.ActiveCfg = Debug|Any CPU
		{38E55193-3544-4FF7-95C8-B96FB6C8ACFE}.Debug|x64.Build.0 = Debug|Any CPU
		{38E55193-3544-4FF7-95C8-B96FB6C8ACFE}.Debug|x86.ActiveCfg = Debug|Any CPU
		{38E55193-3544-4FF7-95C8-B96FB6C8ACFE}.Debug|x86.Build.0 = Debug|Any CPU
		{38E55193-3544-4FF7-95C8-B96FB6C8ACFE}.Release|Any CPU.ActiveCfg = Release|Any CPU
		{38E55193-3544-4FF7-95C8-B96FB6C8ACFE}.Release|Any CPU.Build.0 = Release|Any CPU
		{38E55193-3544-4FF7-95C8-B96FB6C8ACFE}.Release|x64.ActiveCfg = Release|Any CPU
		{38E55193-3544-4FF7-95C8-B96FB6C8ACFE}.Release|x64.Build.0 = Release|Any CPU
		{38E55193-3544-4FF7-95C8-B96FB6C8ACFE}.Release|x86.ActiveCfg = Release|Any CPU
		{38E55193-3544-4FF7-95C8-B96FB6C8ACFE}.Release|x86.Build.0 = Release|Any CPU
		{74858A1B-45A7-4122-8165-91968EFBE1A2}.Debug|Any CPU.ActiveCfg = Debug|Any CPU
		{74858A1B-45A7-4122-8165-91968EFBE1A2}.Debug|Any CPU.Build.0 = Debug|Any CPU
		{74858A1B-45A7-4122-8165-91968EFBE1A2}.Debug|x64.ActiveCfg = Debug|Any CPU
		{74858A1B-45A7-4122-8165-91968EFBE1A2}.Debug|x64.Build.0 = Debug|Any CPU
		{74858A1B-45A7-4122-8165-91968EFBE1A2}.Debug|x86.ActiveCfg = Debug|Any CPU
		{74858A1B-45A7-4122-8165-91968EFBE1A2}.Debug|x86.Build.0 = Debug|Any CPU
		{74858A1B-45A7-4122-8165-91968EFBE1A2}.Release|Any CPU.ActiveCfg = Release|Any CPU
		{74858A1B-45A7-4122-8165-91968EFBE1A2}.Release|Any CPU.Build.0 = Release|Any CPU
		{74858A1B-45A7-4122-8165-91968EFBE1A2}.Release|x64.ActiveCfg = Release|Any CPU
		{74858A1B-45A7-4122-8165-91968EFBE1A2}.Release|x64.Build.0 = Release|Any CPU
		{74858A1B-45A7-4122-8165-91968EFBE1A2}.Release|x86.ActiveCfg = Release|Any CPU
		{74858A1B-45A7-4122-8165-91968EFBE1A2}.Release|x86.Build.0 = Release|Any CPU
		{60258D6B-CB0C-4BEA-A949-E197B0B460CC}.Debug|Any CPU.ActiveCfg = Debug|Any CPU
		{60258D6B-CB0C-4BEA-A949-E197B0B460CC}.Debug|Any CPU.Build.0 = Debug|Any CPU
		{60258D6B-CB0C-4BEA-A949-E197B0B460CC}.Debug|x64.ActiveCfg = Debug|Any CPU
		{60258D6B-CB0C-4BEA-A949-E197B0B460CC}.Debug|x64.Build.0 = Debug|Any CPU
		{60258D6B-CB0C-4BEA-A949-E197B0B460CC}.Debug|x86.ActiveCfg = Debug|Any CPU
		{60258D6B-CB0C-4BEA-A949-E197B0B460CC}.Debug|x86.Build.0 = Debug|Any CPU
		{60258D6B-CB0C-4BEA-A949-E197B0B460CC}.Release|Any CPU.ActiveCfg = Release|Any CPU
		{60258D6B-CB0C-4BEA-A949-E197B0B460CC}.Release|Any CPU.Build.0 = Release|Any CPU
		{60258D6B-CB0C-4BEA-A949-E197B0B460CC}.Release|x64.ActiveCfg = Release|Any CPU
		{60258D6B-CB0C-4BEA-A949-E197B0B460CC}.Release|x64.Build.0 = Release|Any CPU
		{60258D6B-CB0C-4BEA-A949-E197B0B460CC}.Release|x86.ActiveCfg = Release|Any CPU
		{60258D6B-CB0C-4BEA-A949-E197B0B460CC}.Release|x86.Build.0 = Release|Any CPU
		{E0103A2E-1B6D-458B-9791-F1443330917D}.Debug|Any CPU.ActiveCfg = Debug|Any CPU
		{E0103A2E-1B6D-458B-9791-F1443330917D}.Debug|Any CPU.Build.0 = Debug|Any CPU
		{E0103A2E-1B6D-458B-9791-F1443330917D}.Debug|x64.ActiveCfg = Debug|Any CPU
		{E0103A2E-1B6D-458B-9791-F1443330917D}.Debug|x64.Build.0 = Debug|Any CPU
		{E0103A2E-1B6D-458B-9791-F1443330917D}.Debug|x86.ActiveCfg = Debug|Any CPU
		{E0103A2E-1B6D-458B-9791-F1443330917D}.Debug|x86.Build.0 = Debug|Any CPU
		{E0103A2E-1B6D-458B-9791-F1443330917D}.Release|Any CPU.ActiveCfg = Release|Any CPU
		{E0103A2E-1B6D-458B-9791-F1443330917D}.Release|Any CPU.Build.0 = Release|Any CPU
		{E0103A2E-1B6D-458B-9791-F1443330917D}.Release|x64.ActiveCfg = Release|Any CPU
		{E0103A2E-1B6D-458B-9791-F1443330917D}.Release|x64.Build.0 = Release|Any CPU
		{E0103A2E-1B6D-458B-9791-F1443330917D}.Release|x86.ActiveCfg = Release|Any CPU
		{E0103A2E-1B6D-458B-9791-F1443330917D}.Release|x86.Build.0 = Release|Any CPU
		{FFD93E1A-4254-42D5-BA71-8D4FF94E69B9}.Debug|Any CPU.ActiveCfg = Debug|Any CPU
		{FFD93E1A-4254-42D5-BA71-8D4FF94E69B9}.Debug|Any CPU.Build.0 = Debug|Any CPU
		{FFD93E1A-4254-42D5-BA71-8D4FF94E69B9}.Debug|x64.ActiveCfg = Debug|Any CPU
		{FFD93E1A-4254-42D5-BA71-8D4FF94E69B9}.Debug|x64.Build.0 = Debug|Any CPU
		{FFD93E1A-4254-42D5-BA71-8D4FF94E69B9}.Debug|x86.ActiveCfg = Debug|Any CPU
		{FFD93E1A-4254-42D5-BA71-8D4FF94E69B9}.Debug|x86.Build.0 = Debug|Any CPU
		{FFD93E1A-4254-42D5-BA71-8D4FF94E69B9}.Release|Any CPU.ActiveCfg = Release|Any CPU
		{FFD93E1A-4254-42D5-BA71-8D4FF94E69B9}.Release|Any CPU.Build.0 = Release|Any CPU
		{FFD93E1A-4254-42D5-BA71-8D4FF94E69B9}.Release|x64.ActiveCfg = Release|Any CPU
		{FFD93E1A-4254-42D5-BA71-8D4FF94E69B9}.Release|x64.Build.0 = Release|Any CPU
		{FFD93E1A-4254-42D5-BA71-8D4FF94E69B9}.Release|x86.ActiveCfg = Release|Any CPU
		{FFD93E1A-4254-42D5-BA71-8D4FF94E69B9}.Release|x86.Build.0 = Release|Any CPU
		{4BDD63D6-5CF4-4E2F-AF11-AB7D139C61C6}.Debug|Any CPU.ActiveCfg = Debug|Any CPU
		{4BDD63D6-5CF4-4E2F-AF11-AB7D139C61C6}.Debug|Any CPU.Build.0 = Debug|Any CPU
		{4BDD63D6-5CF4-4E2F-AF11-AB7D139C61C6}.Debug|x64.ActiveCfg = Debug|Any CPU
		{4BDD63D6-5CF4-4E2F-AF11-AB7D139C61C6}.Debug|x64.Build.0 = Debug|Any CPU
		{4BDD63D6-5CF4-4E2F-AF11-AB7D139C61C6}.Debug|x86.ActiveCfg = Debug|Any CPU
		{4BDD63D6-5CF4-4E2F-AF11-AB7D139C61C6}.Debug|x86.Build.0 = Debug|Any CPU
		{4BDD63D6-5CF4-4E2F-AF11-AB7D139C61C6}.Release|Any CPU.ActiveCfg = Release|Any CPU
		{4BDD63D6-5CF4-4E2F-AF11-AB7D139C61C6}.Release|Any CPU.Build.0 = Release|Any CPU
		{4BDD63D6-5CF4-4E2F-AF11-AB7D139C61C6}.Release|x64.ActiveCfg = Release|Any CPU
		{4BDD63D6-5CF4-4E2F-AF11-AB7D139C61C6}.Release|x64.Build.0 = Release|Any CPU
		{4BDD63D6-5CF4-4E2F-AF11-AB7D139C61C6}.Release|x86.ActiveCfg = Release|Any CPU
		{4BDD63D6-5CF4-4E2F-AF11-AB7D139C61C6}.Release|x86.Build.0 = Release|Any CPU
		{4E2BE9EB-1459-4F0D-A3F8-1CB187ECBC92}.Debug|Any CPU.ActiveCfg = Debug|Any CPU
		{4E2BE9EB-1459-4F0D-A3F8-1CB187ECBC92}.Debug|Any CPU.Build.0 = Debug|Any CPU
		{4E2BE9EB-1459-4F0D-A3F8-1CB187ECBC92}.Debug|x64.ActiveCfg = Debug|Any CPU
		{4E2BE9EB-1459-4F0D-A3F8-1CB187ECBC92}.Debug|x64.Build.0 = Debug|Any CPU
		{4E2BE9EB-1459-4F0D-A3F8-1CB187ECBC92}.Debug|x86.ActiveCfg = Debug|Any CPU
		{4E2BE9EB-1459-4F0D-A3F8-1CB187ECBC92}.Debug|x86.Build.0 = Debug|Any CPU
		{4E2BE9EB-1459-4F0D-A3F8-1CB187ECBC92}.Release|Any CPU.ActiveCfg = Release|Any CPU
		{4E2BE9EB-1459-4F0D-A3F8-1CB187ECBC92}.Release|Any CPU.Build.0 = Release|Any CPU
		{4E2BE9EB-1459-4F0D-A3F8-1CB187ECBC92}.Release|x64.ActiveCfg = Release|Any CPU
		{4E2BE9EB-1459-4F0D-A3F8-1CB187ECBC92}.Release|x64.Build.0 = Release|Any CPU
		{4E2BE9EB-1459-4F0D-A3F8-1CB187ECBC92}.Release|x86.ActiveCfg = Release|Any CPU
		{4E2BE9EB-1459-4F0D-A3F8-1CB187ECBC92}.Release|x86.Build.0 = Release|Any CPU
		{158D48F2-8672-47A0-BF0E-761E0E6AD5B6}.Debug|Any CPU.ActiveCfg = Debug|Any CPU
		{158D48F2-8672-47A0-BF0E-761E0E6AD5B6}.Debug|Any CPU.Build.0 = Debug|Any CPU
		{158D48F2-8672-47A0-BF0E-761E0E6AD5B6}.Debug|x64.ActiveCfg = Debug|Any CPU
		{158D48F2-8672-47A0-BF0E-761E0E6AD5B6}.Debug|x64.Build.0 = Debug|Any CPU
		{158D48F2-8672-47A0-BF0E-761E0E6AD5B6}.Debug|x86.ActiveCfg = Debug|Any CPU
		{158D48F2-8672-47A0-BF0E-761E0E6AD5B6}.Debug|x86.Build.0 = Debug|Any CPU
		{158D48F2-8672-47A0-BF0E-761E0E6AD5B6}.Release|Any CPU.ActiveCfg = Release|Any CPU
		{158D48F2-8672-47A0-BF0E-761E0E6AD5B6}.Release|Any CPU.Build.0 = Release|Any CPU
		{158D48F2-8672-47A0-BF0E-761E0E6AD5B6}.Release|x64.ActiveCfg = Release|Any CPU
		{158D48F2-8672-47A0-BF0E-761E0E6AD5B6}.Release|x64.Build.0 = Release|Any CPU
		{158D48F2-8672-47A0-BF0E-761E0E6AD5B6}.Release|x86.ActiveCfg = Release|Any CPU
		{158D48F2-8672-47A0-BF0E-761E0E6AD5B6}.Release|x86.Build.0 = Release|Any CPU
		{C925BC54-5F23-4834-9D12-B6A3B649029C}.Debug|Any CPU.ActiveCfg = Debug|Any CPU
		{C925BC54-5F23-4834-9D12-B6A3B649029C}.Debug|Any CPU.Build.0 = Debug|Any CPU
		{C925BC54-5F23-4834-9D12-B6A3B649029C}.Debug|x64.ActiveCfg = Debug|Any CPU
		{C925BC54-5F23-4834-9D12-B6A3B649029C}.Debug|x64.Build.0 = Debug|Any CPU
		{C925BC54-5F23-4834-9D12-B6A3B649029C}.Debug|x86.ActiveCfg = Debug|Any CPU
		{C925BC54-5F23-4834-9D12-B6A3B649029C}.Debug|x86.Build.0 = Debug|Any CPU
		{C925BC54-5F23-4834-9D12-B6A3B649029C}.Release|Any CPU.ActiveCfg = Release|Any CPU
		{C925BC54-5F23-4834-9D12-B6A3B649029C}.Release|Any CPU.Build.0 = Release|Any CPU
		{C925BC54-5F23-4834-9D12-B6A3B649029C}.Release|x64.ActiveCfg = Release|Any CPU
		{C925BC54-5F23-4834-9D12-B6A3B649029C}.Release|x64.Build.0 = Release|Any CPU
		{C925BC54-5F23-4834-9D12-B6A3B649029C}.Release|x86.ActiveCfg = Release|Any CPU
		{C925BC54-5F23-4834-9D12-B6A3B649029C}.Release|x86.Build.0 = Release|Any CPU
		{A5FB6F77-0DBC-4EE9-94DB-3373BF20E94F}.Debug|Any CPU.ActiveCfg = Debug|Any CPU
		{A5FB6F77-0DBC-4EE9-94DB-3373BF20E94F}.Debug|Any CPU.Build.0 = Debug|Any CPU
		{A5FB6F77-0DBC-4EE9-94DB-3373BF20E94F}.Debug|x64.ActiveCfg = Debug|Any CPU
		{A5FB6F77-0DBC-4EE9-94DB-3373BF20E94F}.Debug|x64.Build.0 = Debug|Any CPU
		{A5FB6F77-0DBC-4EE9-94DB-3373BF20E94F}.Debug|x86.ActiveCfg = Debug|Any CPU
		{A5FB6F77-0DBC-4EE9-94DB-3373BF20E94F}.Debug|x86.Build.0 = Debug|Any CPU
		{A5FB6F77-0DBC-4EE9-94DB-3373BF20E94F}.Release|Any CPU.ActiveCfg = Release|Any CPU
		{A5FB6F77-0DBC-4EE9-94DB-3373BF20E94F}.Release|Any CPU.Build.0 = Release|Any CPU
		{A5FB6F77-0DBC-4EE9-94DB-3373BF20E94F}.Release|x64.ActiveCfg = Release|Any CPU
		{A5FB6F77-0DBC-4EE9-94DB-3373BF20E94F}.Release|x64.Build.0 = Release|Any CPU
		{A5FB6F77-0DBC-4EE9-94DB-3373BF20E94F}.Release|x86.ActiveCfg = Release|Any CPU
		{A5FB6F77-0DBC-4EE9-94DB-3373BF20E94F}.Release|x86.Build.0 = Release|Any CPU
		{3BDDDBE8-5690-4B42-ACDD-FED1AA550FFA}.Debug|Any CPU.ActiveCfg = Debug|Any CPU
		{3BDDDBE8-5690-4B42-ACDD-FED1AA550FFA}.Debug|Any CPU.Build.0 = Debug|Any CPU
		{3BDDDBE8-5690-4B42-ACDD-FED1AA550FFA}.Debug|x64.ActiveCfg = Debug|Any CPU
		{3BDDDBE8-5690-4B42-ACDD-FED1AA550FFA}.Debug|x64.Build.0 = Debug|Any CPU
		{3BDDDBE8-5690-4B42-ACDD-FED1AA550FFA}.Debug|x86.ActiveCfg = Debug|Any CPU
		{3BDDDBE8-5690-4B42-ACDD-FED1AA550FFA}.Debug|x86.Build.0 = Debug|Any CPU
		{3BDDDBE8-5690-4B42-ACDD-FED1AA550FFA}.Release|Any CPU.ActiveCfg = Release|Any CPU
		{3BDDDBE8-5690-4B42-ACDD-FED1AA550FFA}.Release|Any CPU.Build.0 = Release|Any CPU
		{3BDDDBE8-5690-4B42-ACDD-FED1AA550FFA}.Release|x64.ActiveCfg = Release|Any CPU
		{3BDDDBE8-5690-4B42-ACDD-FED1AA550FFA}.Release|x64.Build.0 = Release|Any CPU
		{3BDDDBE8-5690-4B42-ACDD-FED1AA550FFA}.Release|x86.ActiveCfg = Release|Any CPU
		{3BDDDBE8-5690-4B42-ACDD-FED1AA550FFA}.Release|x86.Build.0 = Release|Any CPU
		{AEEDC075-9600-4034-AC9F-CB03D037764E}.Debug|Any CPU.ActiveCfg = Debug|Any CPU
		{AEEDC075-9600-4034-AC9F-CB03D037764E}.Debug|Any CPU.Build.0 = Debug|Any CPU
		{AEEDC075-9600-4034-AC9F-CB03D037764E}.Debug|x64.ActiveCfg = Debug|Any CPU
		{AEEDC075-9600-4034-AC9F-CB03D037764E}.Debug|x64.Build.0 = Debug|Any CPU
		{AEEDC075-9600-4034-AC9F-CB03D037764E}.Debug|x86.ActiveCfg = Debug|Any CPU
		{AEEDC075-9600-4034-AC9F-CB03D037764E}.Debug|x86.Build.0 = Debug|Any CPU
		{AEEDC075-9600-4034-AC9F-CB03D037764E}.Release|Any CPU.ActiveCfg = Release|Any CPU
		{AEEDC075-9600-4034-AC9F-CB03D037764E}.Release|Any CPU.Build.0 = Release|Any CPU
		{AEEDC075-9600-4034-AC9F-CB03D037764E}.Release|x64.ActiveCfg = Release|Any CPU
		{AEEDC075-9600-4034-AC9F-CB03D037764E}.Release|x64.Build.0 = Release|Any CPU
		{AEEDC075-9600-4034-AC9F-CB03D037764E}.Release|x86.ActiveCfg = Release|Any CPU
		{AEEDC075-9600-4034-AC9F-CB03D037764E}.Release|x86.Build.0 = Release|Any CPU
	EndGlobalSection
	GlobalSection(SolutionProperties) = preSolution
		HideSolutionNode = FALSE
	EndGlobalSection
	GlobalSection(NestedProjects) = preSolution
		{CA2D29FB-9923-460B-8D7A-2628DF728A7F} = {E217AEBC-D7BE-4BB6-950F-665E8FC61754}
		{F93E00C5-E761-48D0-B8AC-90482917EA55} = {22AEE70F-B724-4682-B5CD-40C03E903966}
		{626D842E-E466-415F-BA0F-A1C24A31395F} = {22AEE70F-B724-4682-B5CD-40C03E903966}
		{7382C11D-DD06-4551-BF68-9520028C3F00} = {22AEE70F-B724-4682-B5CD-40C03E903966}
		{732C95B5-4907-446D-840A-EA29552DC63D} = {4FBCFB03-A5D0-4254-AC74-3555EBA1369D}
		{97BA9170-DFC9-42C3-B9C1-D1AAC4E3C34D} = {4FBCFB03-A5D0-4254-AC74-3555EBA1369D}
		{168A7106-C5A9-448B-A5B1-DD030CA190ED} = {717A6900-9192-4DCA-A8DC-1353196E3657}
		{C5D3D87D-33F5-4A76-9CC7-77681A94D5A8} = {717A6900-9192-4DCA-A8DC-1353196E3657}
		{4CE17C0C-B164-4C54-971B-9EBEF4053808} = {22AEE70F-B724-4682-B5CD-40C03E903966}
		{E6C3EF02-ACCB-4511-8B60-9DBEEED09615} = {22AEE70F-B724-4682-B5CD-40C03E903966}
		{857807E4-97AF-4165-BC8A-8EDA93E41AEE} = {22AEE70F-B724-4682-B5CD-40C03E903966}
		{8C0D4821-4927-4C79-8499-30E5D1484624} = {F425A35E-7862-4854-8521-342E22E2ECD7}
		{E40ABB3D-4F48-434A-8C24-6C111CA4C000} = {3A01885C-F1DA-4B48-A8E2-A324BDDFB065}
		{891DCAB1-3062-40D7-B7AE-BAA018254984} = {3A01885C-F1DA-4B48-A8E2-A324BDDFB065}
		{18EF8E46-361F-458F-BAE6-830B1628FD74} = {3A01885C-F1DA-4B48-A8E2-A324BDDFB065}
		{FA1D6807-3C7D-402F-989B-E1FFFA358B94} = {3A01885C-F1DA-4B48-A8E2-A324BDDFB065}
		{382C9837-E574-4268-8A57-388CA5CCD164} = {7B1A4CAC-3E06-4AF5-AB2F-B8A30D01D271}
		{4EA89BA8-E43A-40BE-9FB8-437A75E33EB6} = {30130345-CBB8-4AC1-9CE5-58AC8C318F57}
		{B4485A79-FCD3-4763-A961-12BE5ED94316} = {FEAF2EA8-33BA-4055-84F9-ABD64D34AA20}
		{533A8D91-E7B0-46C5-9693-BA452000500A} = {FEAF2EA8-33BA-4055-84F9-ABD64D34AA20}
		{9858CB20-24BF-4EE2-9A87-558CAB8BA66F} = {FEAF2EA8-33BA-4055-84F9-ABD64D34AA20}
		{AEC971C0-D116-4A04-86F9-1B4F31D908D2} = {948E6FDC-C33D-4E19-8757-B1E89E9C6F1C}
		{492FA30E-FB06-440A-8443-58D126E47342} = {948E6FDC-C33D-4E19-8757-B1E89E9C6F1C}
		{D886E00B-6896-4C98-BCF6-5B76928DD380} = {948E6FDC-C33D-4E19-8757-B1E89E9C6F1C}
		{0597C6FA-B3A3-41B7-BF76-2E45BADD5AF0} = {7B1A4CAC-3E06-4AF5-AB2F-B8A30D01D271}
		{F18FA882-F975-4B37-8F2C-A0E43447C9DF} = {E217AEBC-D7BE-4BB6-950F-665E8FC61754}
		{5AE8C341-077C-4466-8AB3-8D962DF3DFCD} = {E217AEBC-D7BE-4BB6-950F-665E8FC61754}
		{FDAEC769-82F4-4862-91DE-5FD278E56E9D} = {3A01885C-F1DA-4B48-A8E2-A324BDDFB065}
		{98D90B7F-46C8-47D6-A059-837FDB69D2B4} = {17CCEC84-2E20-4892-9AEA-5664927EC7C4}
		{A07EE215-D6E1-41B6-ACCF-2EB85126CB23} = {3A01885C-F1DA-4B48-A8E2-A324BDDFB065}
		{F492CBB2-7514-48CE-9CEB-6803F251106F} = {948E6FDC-C33D-4E19-8757-B1E89E9C6F1C}
		{94D00FE0-DF02-4B01-81C7-7F51DD349119} = {17CCEC84-2E20-4892-9AEA-5664927EC7C4}
		{C3964B20-024A-47A7-9EB1-4223DDDB49FD} = {4FBCFB03-A5D0-4254-AC74-3555EBA1369D}
		{73CEFB34-8438-40A5-8F9A-C20624FAB190} = {17CCEC84-2E20-4892-9AEA-5664927EC7C4}
		{4B05A1DA-9A51-471B-8770-B7187117F23C} = {6FFD6DC7-7A33-48AB-AEE2-971D560BF160}
		{EDCC2671-B5D4-4F85-A7BB-C943282621BF} = {6FFD6DC7-7A33-48AB-AEE2-971D560BF160}
		{34EA139A-8E81-4354-B32A-2CCBF77E5834} = {4B05A1DA-9A51-471B-8770-B7187117F23C}
		{63D8F9A6-E59F-4529-A678-227070AD3A61} = {4B05A1DA-9A51-471B-8770-B7187117F23C}
		{E431FF86-51CE-4624-B100-FA0E44E5D88B} = {4B05A1DA-9A51-471B-8770-B7187117F23C}
		{7FAFF50C-80D0-4844-825C-45A8AD21774C} = {4B05A1DA-9A51-471B-8770-B7187117F23C}
		{2856DA94-422C-424A-89EB-A0E206E68703} = {4B05A1DA-9A51-471B-8770-B7187117F23C}
		{9E40FFA0-B9C2-46A0-B9C6-F485E3ECDFD9} = {4B05A1DA-9A51-471B-8770-B7187117F23C}
		{67C5812D-AF28-4275-A300-6FB2D95F8247} = {4B05A1DA-9A51-471B-8770-B7187117F23C}
		{85AD62F1-C2A1-4CF5-AAAE-98465DF7F9C0} = {EDCC2671-B5D4-4F85-A7BB-C943282621BF}
		{47D6A9FE-0F25-4F94-917E-5C945FD96CCC} = {EDCC2671-B5D4-4F85-A7BB-C943282621BF}
		{3405C6DB-258C-40F4-91CE-88564DC3CFCD} = {EDCC2671-B5D4-4F85-A7BB-C943282621BF}
		{6A65EA8A-C589-46E3-B921-8CB1B632A042} = {EDCC2671-B5D4-4F85-A7BB-C943282621BF}
		{1FD8F81E-A112-489B-9735-ED1A23EFF252} = {EDCC2671-B5D4-4F85-A7BB-C943282621BF}
		{83F87858-1AC9-4178-AB8E-6121D8086573} = {EDCC2671-B5D4-4F85-A7BB-C943282621BF}
		{91BFD8E9-F262-4D53-AE12-23B4046FF9CE} = {EDCC2671-B5D4-4F85-A7BB-C943282621BF}
		{5E157C30-D679-4374-9759-F74BCDC54D80} = {EDCC2671-B5D4-4F85-A7BB-C943282621BF}
		{EDBAF221-C9E0-4150-AC67-7C2C7E72BFBE} = {EDCC2671-B5D4-4F85-A7BB-C943282621BF}
		{81500252-52D3-41C8-ACC9-DF8D41A0648B} = {EDCC2671-B5D4-4F85-A7BB-C943282621BF}
		{2A0F443B-3178-4D5C-AE18-CD83DB3002BF} = {EDCC2671-B5D4-4F85-A7BB-C943282621BF}
		{38E55193-3544-4FF7-95C8-B96FB6C8ACFE} = {EDCC2671-B5D4-4F85-A7BB-C943282621BF}
		{74858A1B-45A7-4122-8165-91968EFBE1A2} = {EDCC2671-B5D4-4F85-A7BB-C943282621BF}
		{60258D6B-CB0C-4BEA-A949-E197B0B460CC} = {EDCC2671-B5D4-4F85-A7BB-C943282621BF}
		{E0103A2E-1B6D-458B-9791-F1443330917D} = {EDCC2671-B5D4-4F85-A7BB-C943282621BF}
		{FFD93E1A-4254-42D5-BA71-8D4FF94E69B9} = {EDCC2671-B5D4-4F85-A7BB-C943282621BF}
		{4BDD63D6-5CF4-4E2F-AF11-AB7D139C61C6} = {EDCC2671-B5D4-4F85-A7BB-C943282621BF}
		{4E2BE9EB-1459-4F0D-A3F8-1CB187ECBC92} = {EDCC2671-B5D4-4F85-A7BB-C943282621BF}
		{158D48F2-8672-47A0-BF0E-761E0E6AD5B6} = {EDCC2671-B5D4-4F85-A7BB-C943282621BF}
		{C925BC54-5F23-4834-9D12-B6A3B649029C} = {EDCC2671-B5D4-4F85-A7BB-C943282621BF}
		{A5FB6F77-0DBC-4EE9-94DB-3373BF20E94F} = {EDCC2671-B5D4-4F85-A7BB-C943282621BF}
		{3BDDDBE8-5690-4B42-ACDD-FED1AA550FFA} = {EDCC2671-B5D4-4F85-A7BB-C943282621BF}
		{AEEDC075-9600-4034-AC9F-CB03D037764E} = {EDCC2671-B5D4-4F85-A7BB-C943282621BF}
	EndGlobalSection
	GlobalSection(ExtensibilityGlobals) = postSolution
		SolutionGuid = {BDAC410C-0901-447E-8121-BF33A670D583}
	EndGlobalSection
EndGlobal
